// !$*UTF8*$!
{
	archiveVersion = 1;
	classes = {
	};
	objectVersion = 46;
	objects = {

/* Begin PBXBuildFile section */
		A70044CA1D3808C600E8E90B /* AppDelegate.swift in Sources */ = {isa = PBXBuildFile; fileRef = A70044C91D3808C600E8E90B /* AppDelegate.swift */; };
		A70044CC1D3808C600E8E90B /* ViewController.swift in Sources */ = {isa = PBXBuildFile; fileRef = A70044CB1D3808C600E8E90B /* ViewController.swift */; };
		A70044CF1D3808C600E8E90B /* Main.storyboard in Resources */ = {isa = PBXBuildFile; fileRef = A70044CD1D3808C600E8E90B /* Main.storyboard */; };
		A70044D11D3808C600E8E90B /* Assets.xcassets in Resources */ = {isa = PBXBuildFile; fileRef = A70044D01D3808C600E8E90B /* Assets.xcassets */; };
		A70044D41D3808C600E8E90B /* LaunchScreen.storyboard in Resources */ = {isa = PBXBuildFile; fileRef = A70044D21D3808C600E8E90B /* LaunchScreen.storyboard */; };
		A70044DF1D3808C600E8E90B /* ImagePickerTests.swift in Sources */ = {isa = PBXBuildFile; fileRef = A70044DE1D3808C600E8E90B /* ImagePickerTests.swift */; };
		A70044EA1D3808C600E8E90B /* ImagePickerUITests.swift in Sources */ = {isa = PBXBuildFile; fileRef = A70044E91D3808C600E8E90B /* ImagePickerUITests.swift */; };
/* End PBXBuildFile section */

/* Begin PBXContainerItemProxy section */
		A70044DB1D3808C600E8E90B /* PBXContainerItemProxy */ = {
			isa = PBXContainerItemProxy;
			containerPortal = A70044BE1D3808C600E8E90B /* Project object */;
			proxyType = 1;
			remoteGlobalIDString = A70044C51D3808C600E8E90B;
			remoteInfo = ImagePicker;
		};
		A70044E61D3808C600E8E90B /* PBXContainerItemProxy */ = {
			isa = PBXContainerItemProxy;
			containerPortal = A70044BE1D3808C600E8E90B /* Project object */;
			proxyType = 1;
			remoteGlobalIDString = A70044C51D3808C600E8E90B;
			remoteInfo = ImagePicker;
		};
/* End PBXContainerItemProxy section */

/* Begin PBXFileReference section */
		A70044C61D3808C600E8E90B /* ImagePicker.app */ = {isa = PBXFileReference; explicitFileType = wrapper.application; includeInIndex = 0; path = ImagePicker.app; sourceTree = BUILT_PRODUCTS_DIR; };
		A70044C91D3808C600E8E90B /* AppDelegate.swift */ = {isa = PBXFileReference; lastKnownFileType = sourcecode.swift; path = AppDelegate.swift; sourceTree = "<group>"; };
		A70044CB1D3808C600E8E90B /* ViewController.swift */ = {isa = PBXFileReference; lastKnownFileType = sourcecode.swift; path = ViewController.swift; sourceTree = "<group>"; };
		A70044CE1D3808C600E8E90B /* Base */ = {isa = PBXFileReference; lastKnownFileType = file.storyboard; name = Base; path = Base.lproj/Main.storyboard; sourceTree = "<group>"; };
		A70044D01D3808C600E8E90B /* Assets.xcassets */ = {isa = PBXFileReference; lastKnownFileType = folder.assetcatalog; path = Assets.xcassets; sourceTree = "<group>"; };
		A70044D31D3808C600E8E90B /* Base */ = {isa = PBXFileReference; lastKnownFileType = file.storyboard; name = Base; path = Base.lproj/LaunchScreen.storyboard; sourceTree = "<group>"; };
		A70044D51D3808C600E8E90B /* Info.plist */ = {isa = PBXFileReference; lastKnownFileType = text.plist.xml; path = Info.plist; sourceTree = "<group>"; };
		A70044DA1D3808C600E8E90B /* ImagePickerTests.xctest */ = {isa = PBXFileReference; explicitFileType = wrapper.cfbundle; includeInIndex = 0; path = ImagePickerTests.xctest; sourceTree = BUILT_PRODUCTS_DIR; };
		A70044DE1D3808C600E8E90B /* ImagePickerTests.swift */ = {isa = PBXFileReference; lastKnownFileType = sourcecode.swift; path = ImagePickerTests.swift; sourceTree = "<group>"; };
		A70044E01D3808C600E8E90B /* Info.plist */ = {isa = PBXFileReference; lastKnownFileType = text.plist.xml; path = Info.plist; sourceTree = "<group>"; };
		A70044E51D3808C600E8E90B /* ImagePickerUITests.xctest */ = {isa = PBXFileReference; explicitFileType = wrapper.cfbundle; includeInIndex = 0; path = ImagePickerUITests.xctest; sourceTree = BUILT_PRODUCTS_DIR; };
		A70044E91D3808C600E8E90B /* ImagePickerUITests.swift */ = {isa = PBXFileReference; lastKnownFileType = sourcecode.swift; path = ImagePickerUITests.swift; sourceTree = "<group>"; };
		A70044EB1D3808C600E8E90B /* Info.plist */ = {isa = PBXFileReference; lastKnownFileType = text.plist.xml; path = Info.plist; sourceTree = "<group>"; };
/* End PBXFileReference section */

/* Begin PBXFrameworksBuildPhase section */
		A70044C31D3808C600E8E90B /* Frameworks */ = {
			isa = PBXFrameworksBuildPhase;
			buildActionMask = 2147483647;
			files = (
			);
			runOnlyForDeploymentPostprocessing = 0;
		};
		A70044D71D3808C600E8E90B /* Frameworks */ = {
			isa = PBXFrameworksBuildPhase;
			buildActionMask = 2147483647;
			files = (
			);
			runOnlyForDeploymentPostprocessing = 0;
		};
		A70044E21D3808C600E8E90B /* Frameworks */ = {
			isa = PBXFrameworksBuildPhase;
			buildActionMask = 2147483647;
			files = (
			);
			runOnlyForDeploymentPostprocessing = 0;
		};
/* End PBXFrameworksBuildPhase section */

/* Begin PBXGroup section */
		A70044BD1D3808C600E8E90B = {
			isa = PBXGroup;
			children = (
				A70044C81D3808C600E8E90B /* ImagePicker */,
				A70044DD1D3808C600E8E90B /* ImagePickerTests */,
				A70044E81D3808C600E8E90B /* ImagePickerUITests */,
				A70044C71D3808C600E8E90B /* Products */,
			);
			sourceTree = "<group>";
		};
		A70044C71D3808C600E8E90B /* Products */ = {
			isa = PBXGroup;
			children = (
				A70044C61D3808C600E8E90B /* ImagePicker.app */,
				A70044DA1D3808C600E8E90B /* ImagePickerTests.xctest */,
				A70044E51D3808C600E8E90B /* ImagePickerUITests.xctest */,
			);
			name = Products;
			sourceTree = "<group>";
		};
		A70044C81D3808C600E8E90B /* ImagePicker */ = {
			isa = PBXGroup;
			children = (
				A70044C91D3808C600E8E90B /* AppDelegate.swift */,
				A70044CB1D3808C600E8E90B /* ViewController.swift */,
				A70044CD1D3808C600E8E90B /* Main.storyboard */,
				A70044D01D3808C600E8E90B /* Assets.xcassets */,
				A70044D21D3808C600E8E90B /* LaunchScreen.storyboard */,
				A70044D51D3808C600E8E90B /* Info.plist */,
			);
			path = ImagePicker;
			sourceTree = "<group>";
		};
		A70044DD1D3808C600E8E90B /* ImagePickerTests */ = {
			isa = PBXGroup;
			children = (
				A70044DE1D3808C600E8E90B /* ImagePickerTests.swift */,
				A70044E01D3808C600E8E90B /* Info.plist */,
			);
			path = ImagePickerTests;
			sourceTree = "<group>";
		};
		A70044E81D3808C600E8E90B /* ImagePickerUITests */ = {
			isa = PBXGroup;
			children = (
				A70044E91D3808C600E8E90B /* ImagePickerUITests.swift */,
				A70044EB1D3808C600E8E90B /* Info.plist */,
			);
			path = ImagePickerUITests;
			sourceTree = "<group>";
		};
/* End PBXGroup section */

/* Begin PBXNativeTarget section */
		A70044C51D3808C600E8E90B /* ImagePicker */ = {
			isa = PBXNativeTarget;
			buildConfigurationList = A70044EE1D3808C600E8E90B /* Build configuration list for PBXNativeTarget "ImagePicker" */;
			buildPhases = (
				A70044C21D3808C600E8E90B /* Sources */,
				A70044C31D3808C600E8E90B /* Frameworks */,
				A70044C41D3808C600E8E90B /* Resources */,
			);
			buildRules = (
			);
			dependencies = (
			);
			name = ImagePicker;
			productName = ImagePicker;
			productReference = A70044C61D3808C600E8E90B /* ImagePicker.app */;
			productType = "com.apple.product-type.application";
		};
		A70044D91D3808C600E8E90B /* ImagePickerTests */ = {
			isa = PBXNativeTarget;
			buildConfigurationList = A70044F11D3808C600E8E90B /* Build configuration list for PBXNativeTarget "ImagePickerTests" */;
			buildPhases = (
				A70044D61D3808C600E8E90B /* Sources */,
				A70044D71D3808C600E8E90B /* Frameworks */,
				A70044D81D3808C600E8E90B /* Resources */,
			);
			buildRules = (
			);
			dependencies = (
				A70044DC1D3808C600E8E90B /* PBXTargetDependency */,
			);
			name = ImagePickerTests;
			productName = ImagePickerTests;
			productReference = A70044DA1D3808C600E8E90B /* ImagePickerTests.xctest */;
			productType = "com.apple.product-type.bundle.unit-test";
		};
		A70044E41D3808C600E8E90B /* ImagePickerUITests */ = {
			isa = PBXNativeTarget;
			buildConfigurationList = A70044F41D3808C600E8E90B /* Build configuration list for PBXNativeTarget "ImagePickerUITests" */;
			buildPhases = (
				A70044E11D3808C600E8E90B /* Sources */,
				A70044E21D3808C600E8E90B /* Frameworks */,
				A70044E31D3808C600E8E90B /* Resources */,
			);
			buildRules = (
			);
			dependencies = (
				A70044E71D3808C600E8E90B /* PBXTargetDependency */,
			);
			name = ImagePickerUITests;
			productName = ImagePickerUITests;
			productReference = A70044E51D3808C600E8E90B /* ImagePickerUITests.xctest */;
			productType = "com.apple.product-type.bundle.ui-testing";
		};
/* End PBXNativeTarget section */

/* Begin PBXProject section */
		A70044BE1D3808C600E8E90B /* Project object */ = {
			isa = PBXProject;
			attributes = {
				LastSwiftUpdateCheck = 0730;
				LastUpgradeCheck = 0730;
				ORGANIZATIONNAME = "vagner cazarotto";
				TargetAttributes = {
					A70044C51D3808C600E8E90B = {
						CreatedOnToolsVersion = 7.3.1;
					};
					A70044D91D3808C600E8E90B = {
						CreatedOnToolsVersion = 7.3.1;
						TestTargetID = A70044C51D3808C600E8E90B;
					};
					A70044E41D3808C600E8E90B = {
						CreatedOnToolsVersion = 7.3.1;
						TestTargetID = A70044C51D3808C600E8E90B;
					};
				};
			};
			buildConfigurationList = A70044C11D3808C600E8E90B /* Build configuration list for PBXProject "ImagePicker" */;
			compatibilityVersion = "Xcode 3.2";
			developmentRegion = English;
			hasScannedForEncodings = 0;
			knownRegions = (
				en,
				Base,
			);
			mainGroup = A70044BD1D3808C600E8E90B;
			productRefGroup = A70044C71D3808C600E8E90B /* Products */;
			projectDirPath = "";
			projectRoot = "";
			targets = (
				A70044C51D3808C600E8E90B /* ImagePicker */,
				A70044D91D3808C600E8E90B /* ImagePickerTests */,
				A70044E41D3808C600E8E90B /* ImagePickerUITests */,
			);
		};
/* End PBXProject section */

/* Begin PBXResourcesBuildPhase section */
		A70044C41D3808C600E8E90B /* Resources */ = {
			isa = PBXResourcesBuildPhase;
			buildActionMask = 2147483647;
			files = (
				A70044D41D3808C600E8E90B /* LaunchScreen.storyboard in Resources */,
				A70044D11D3808C600E8E90B /* Assets.xcassets in Resources */,
				A70044CF1D3808C600E8E90B /* Main.storyboard in Resources */,
			);
			runOnlyForDeploymentPostprocessing = 0;
		};
		A70044D81D3808C600E8E90B /* Resources */ = {
			isa = PBXResourcesBuildPhase;
			buildActionMask = 2147483647;
			files = (
			);
			runOnlyForDeploymentPostprocessing = 0;
		};
		A70044E31D3808C600E8E90B /* Resources */ = {
			isa = PBXResourcesBuildPhase;
			buildActionMask = 2147483647;
			files = (
			);
			runOnlyForDeploymentPostprocessing = 0;
		};
/* End PBXResourcesBuildPhase section */

/* Begin PBXSourcesBuildPhase section */
		A70044C21D3808C600E8E90B /* Sources */ = {
			isa = PBXSourcesBuildPhase;
			buildActionMask = 2147483647;
			files = (
				A70044CC1D3808C600E8E90B /* ViewController.swift in Sources */,
				A70044CA1D3808C600E8E90B /* AppDelegate.swift in Sources */,
			);
			runOnlyForDeploymentPostprocessing = 0;
		};
		A70044D61D3808C600E8E90B /* Sources */ = {
			isa = PBXSourcesBuildPhase;
			buildActionMask = 2147483647;
			files = (
				A70044DF1D3808C600E8E90B /* ImagePickerTests.swift in Sources */,
			);
			runOnlyForDeploymentPostprocessing = 0;
		};
		A70044E11D3808C600E8E90B /* Sources */ = {
			isa = PBXSourcesBuildPhase;
			buildActionMask = 2147483647;
			files = (
				A70044EA1D3808C600E8E90B /* ImagePickerUITests.swift in Sources */,
			);
			runOnlyForDeploymentPostprocessing = 0;
		};
/* End PBXSourcesBuildPhase section */

/* Begin PBXTargetDependency section */
		A70044DC1D3808C600E8E90B /* PBXTargetDependency */ = {
			isa = PBXTargetDependency;
			target = A70044C51D3808C600E8E90B /* ImagePicker */;
			targetProxy = A70044DB1D3808C600E8E90B /* PBXContainerItemProxy */;
		};
		A70044E71D3808C600E8E90B /* PBXTargetDependency */ = {
			isa = PBXTargetDependency;
			target = A70044C51D3808C600E8E90B /* ImagePicker */;
			targetProxy = A70044E61D3808C600E8E90B /* PBXContainerItemProxy */;
		};
/* End PBXTargetDependency section */

/* Begin PBXVariantGroup section */
		A70044CD1D3808C600E8E90B /* Main.storyboard */ = {
			isa = PBXVariantGroup;
			children = (
				A70044CE1D3808C600E8E90B /* Base */,
			);
			name = Main.storyboard;
			sourceTree = "<group>";
		};
		A70044D21D3808C600E8E90B /* LaunchScreen.storyboard */ = {
			isa = PBXVariantGroup;
			children = (
				A70044D31D3808C600E8E90B /* Base */,
			);
			name = LaunchScreen.storyboard;
			sourceTree = "<group>";
		};
/* End PBXVariantGroup section */

/* Begin XCBuildConfiguration section */
		A70044EC1D3808C600E8E90B /* Debug */ = {
			isa = XCBuildConfiguration;
			buildSettings = {
				ALWAYS_SEARCH_USER_PATHS = NO;
				CLANG_ANALYZER_NONNULL = YES;
				CLANG_CXX_LANGUAGE_STANDARD = "gnu++0x";
				CLANG_CXX_LIBRARY = "libc++";
				CLANG_ENABLE_MODULES = YES;
				CLANG_ENABLE_OBJC_ARC = YES;
				CLANG_WARN_BOOL_CONVERSION = YES;
				CLANG_WARN_CONSTANT_CONVERSION = YES;
				CLANG_WARN_DIRECT_OBJC_ISA_USAGE = YES_ERROR;
				CLANG_WARN_EMPTY_BODY = YES;
				CLANG_WARN_ENUM_CONVERSION = YES;
				CLANG_WARN_INT_CONVERSION = YES;
				CLANG_WARN_OBJC_ROOT_CLASS = YES_ERROR;
				CLANG_WARN_UNREACHABLE_CODE = YES;
				CLANG_WARN__DUPLICATE_METHOD_MATCH = YES;
				"CODE_SIGN_IDENTITY[sdk=iphoneos*]" = "iPhone Developer";
				COPY_PHASE_STRIP = NO;
				DEBUG_INFORMATION_FORMAT = dwarf;
				ENABLE_STRICT_OBJC_MSGSEND = YES;
				ENABLE_TESTABILITY = YES;
				GCC_C_LANGUAGE_STANDARD = gnu99;
				GCC_DYNAMIC_NO_PIC = NO;
				GCC_NO_COMMON_BLOCKS = YES;
				GCC_OPTIMIZATION_LEVEL = 0;
				GCC_PREPROCESSOR_DEFINITIONS = (
					"DEBUG=1",
					"$(inherited)",
				);
				GCC_WARN_64_TO_32_BIT_CONVERSION = YES;
				GCC_WARN_ABOUT_RETURN_TYPE = YES_ERROR;
				GCC_WARN_UNDECLARED_SELECTOR = YES;
				GCC_WARN_UNINITIALIZED_AUTOS = YES_AGGRESSIVE;
				GCC_WARN_UNUSED_FUNCTION = YES;
				GCC_WARN_UNUSED_VARIABLE = YES;
				IPHONEOS_DEPLOYMENT_TARGET = 9.3;
				MTL_ENABLE_DEBUG_INFO = YES;
				ONLY_ACTIVE_ARCH = YES;
				SDKROOT = iphoneos;
				SWIFT_OPTIMIZATION_LEVEL = "-Onone";
				TARGETED_DEVICE_FAMILY = "1,2";
			};
			name = Debug;
		};
		A70044ED1D3808C600E8E90B /* Release */ = {
			isa = XCBuildConfiguration;
			buildSettings = {
				ALWAYS_SEARCH_USER_PATHS = NO;
				CLANG_ANALYZER_NONNULL = YES;
				CLANG_CXX_LANGUAGE_STANDARD = "gnu++0x";
				CLANG_CXX_LIBRARY = "libc++";
				CLANG_ENABLE_MODULES = YES;
				CLANG_ENABLE_OBJC_ARC = YES;
				CLANG_WARN_BOOL_CONVERSION = YES;
				CLANG_WARN_CONSTANT_CONVERSION = YES;
				CLANG_WARN_DIRECT_OBJC_ISA_USAGE = YES_ERROR;
				CLANG_WARN_EMPTY_BODY = YES;
				CLANG_WARN_ENUM_CONVERSION = YES;
				CLANG_WARN_INT_CONVERSION = YES;
				CLANG_WARN_OBJC_ROOT_CLASS = YES_ERROR;
				CLANG_WARN_UNREACHABLE_CODE = YES;
				CLANG_WARN__DUPLICATE_METHOD_MATCH = YES;
				"CODE_SIGN_IDENTITY[sdk=iphoneos*]" = "iPhone Developer";
				COPY_PHASE_STRIP = NO;
				DEBUG_INFORMATION_FORMAT = "dwarf-with-dsym";
				ENABLE_NS_ASSERTIONS = NO;
				ENABLE_STRICT_OBJC_MSGSEND = YES;
				GCC_C_LANGUAGE_STANDARD = gnu99;
				GCC_NO_COMMON_BLOCKS = YES;
				GCC_WARN_64_TO_32_BIT_CONVERSION = YES;
				GCC_WARN_ABOUT_RETURN_TYPE = YES_ERROR;
				GCC_WARN_UNDECLARED_SELECTOR = YES;
				GCC_WARN_UNINITIALIZED_AUTOS = YES_AGGRESSIVE;
				GCC_WARN_UNUSED_FUNCTION = YES;
				GCC_WARN_UNUSED_VARIABLE = YES;
				IPHONEOS_DEPLOYMENT_TARGET = 9.3;
				MTL_ENABLE_DEBUG_INFO = NO;
				SDKROOT = iphoneos;
				TARGETED_DEVICE_FAMILY = "1,2";
				VALIDATE_PRODUCT = YES;
			};
			name = Release;
		};
		A70044EF1D3808C600E8E90B /* Debug */ = {
			isa = XCBuildConfiguration;
			buildSettings = {
				ASSETCATALOG_COMPILER_APPICON_NAME = AppIcon;
				INFOPLIST_FILE = ImagePicker/Info.plist;
				LD_RUNPATH_SEARCH_PATHS = "$(inherited) @executable_path/Frameworks";
				PRODUCT_BUNDLE_IDENTIFIER = com.tkcode.ImagePicker;
				PRODUCT_NAME = "$(TARGET_NAME)";
			};
			name = Debug;
		};
		A70044F01D3808C600E8E90B /* Release */ = {
			isa = XCBuildConfiguration;
			buildSettings = {
				ASSETCATALOG_COMPILER_APPICON_NAME = AppIcon;
				INFOPLIST_FILE = ImagePicker/Info.plist;
				LD_RUNPATH_SEARCH_PATHS = "$(inherited) @executable_path/Frameworks";
				PRODUCT_BUNDLE_IDENTIFIER = com.tkcode.ImagePicker;
				PRODUCT_NAME = "$(TARGET_NAME)";
			};
			name = Release;
		};
		A70044F21D3808C600E8E90B /* Debug */ = {
			isa = XCBuildConfiguration;
			buildSettings = {
				BUNDLE_LOADER = "$(TEST_HOST)";
				INFOPLIST_FILE = ImagePickerTests/Info.plist;
				LD_RUNPATH_SEARCH_PATHS = "$(inherited) @executable_path/Frameworks @loader_path/Frameworks";
				PRODUCT_BUNDLE_IDENTIFIER = com.tkcode.ImagePickerTests;
				PRODUCT_NAME = "$(TARGET_NAME)";
				TEST_HOST = "$(BUILT_PRODUCTS_DIR)/ImagePicker.app/ImagePicker";
			};
			name = Debug;
		};
		A70044F31D3808C600E8E90B /* Release */ = {
			isa = XCBuildConfiguration;
			buildSettings = {
				BUNDLE_LOADER = "$(TEST_HOST)";
				INFOPLIST_FILE = ImagePickerTests/Info.plist;
				LD_RUNPATH_SEARCH_PATHS = "$(inherited) @executable_path/Frameworks @loader_path/Frameworks";
				PRODUCT_BUNDLE_IDENTIFIER = com.tkcode.ImagePickerTests;
				PRODUCT_NAME = "$(TARGET_NAME)";
				TEST_HOST = "$(BUILT_PRODUCTS_DIR)/ImagePicker.app/ImagePicker";
			};
			name = Release;
		};
		A70044F51D3808C600E8E90B /* Debug */ = {
			isa = XCBuildConfiguration;
			buildSettings = {
				INFOPLIST_FILE = ImagePickerUITests/Info.plist;
				LD_RUNPATH_SEARCH_PATHS = "$(inherited) @executable_path/Frameworks @loader_path/Frameworks";
				PRODUCT_BUNDLE_IDENTIFIER = com.tkcode.ImagePickerUITests;
				PRODUCT_NAME = "$(TARGET_NAME)";
				TEST_TARGET_NAME = ImagePicker;
			};
			name = Debug;
		};
		A70044F61D3808C600E8E90B /* Release */ = {
			isa = XCBuildConfiguration;
			buildSettings = {
				INFOPLIST_FILE = ImagePickerUITests/Info.plist;
				LD_RUNPATH_SEARCH_PATHS = "$(inherited) @executable_path/Frameworks @loader_path/Frameworks";
				PRODUCT_BUNDLE_IDENTIFIER = com.tkcode.ImagePickerUITests;
				PRODUCT_NAME = "$(TARGET_NAME)";
				TEST_TARGET_NAME = ImagePicker;
			};
			name = Release;
		};
/* End XCBuildConfiguration section */

/* Begin XCConfigurationList section */
		A70044C11D3808C600E8E90B /* Build configuration list for PBXProject "ImagePicker" */ = {
			isa = XCConfigurationList;
			buildConfigurations = (
				A70044EC1D3808C600E8E90B /* Debug */,
				A70044ED1D3808C600E8E90B /* Release */,
			);
			defaultConfigurationIsVisible = 0;
			defaultConfigurationName = Release;
		};
		A70044EE1D3808C600E8E90B /* Build configuration list for PBXNativeTarget "ImagePicker" */ = {
			isa = XCConfigurationList;
			buildConfigurations = (
				A70044EF1D3808C600E8E90B /* Debug */,
				A70044F01D3808C600E8E90B /* Release */,
			);
			defaultConfigurationIsVisible = 0;
		};
		A70044F11D3808C600E8E90B /* Build configuration list for PBXNativeTarget "ImagePickerTests" */ = {
			isa = XCConfigurationList;
			buildConfigurations = (
				A70044F21D3808C600E8E90B /* Debug */,
				A70044F31D3808C600E8E90B /* Release */,
			);
			defaultConfigurationIsVisible = 0;
		};
		A70044F41D3808C600E8E90B /* Build configuration list for PBXNativeTarget "ImagePickerUITests" */ = {
			isa = XCConfigurationList;
			buildConfigurations = (
				A70044F51D3808C600E8E90B /* Debug */,
				A70044F61D3808C600E8E90B /* Release */,
			);
			defaultConfigurationIsVisible = 0;
		};
/* End XCConfigurationList section */
	};
	rootObject = A70044BE1D3808C600E8E90B /* Project object */;
}
