// !$*UTF8*$!
{
	archiveVersion = 1;
	classes = {
	};
	objectVersion = 46;
	objects = {

/* Begin PBXBuildFile section */
		A72808AD1E65FA32004EAF90 /* AppDelegate.swift in Sources */ = {isa = PBXBuildFile; fileRef = A72808AC1E65FA32004EAF90 /* AppDelegate.swift */; };
		A72808AF1E65FA32004EAF90 /* ViewController.swift in Sources */ = {isa = PBXBuildFile; fileRef = A72808AE1E65FA32004EAF90 /* ViewController.swift */; };
		A72808B21E65FA32004EAF90 /* Main.storyboard in Resources */ = {isa = PBXBuildFile; fileRef = A72808B01E65FA32004EAF90 /* Main.storyboard */; };
		A72808B41E65FA32004EAF90 /* Assets.xcassets in Resources */ = {isa = PBXBuildFile; fileRef = A72808B31E65FA32004EAF90 /* Assets.xcassets */; };
		A72808B71E65FA32004EAF90 /* LaunchScreen.storyboard in Resources */ = {isa = PBXBuildFile; fileRef = A72808B51E65FA32004EAF90 /* LaunchScreen.storyboard */; };
/* End PBXBuildFile section */

/* Begin PBXFileReference section */
		A72808A91E65FA32004EAF90 /* SwapingScreens.app */ = {isa = PBXFileReference; explicitFileType = wrapper.application; includeInIndex = 0; path = SwapingScreens.app; sourceTree = BUILT_PRODUCTS_DIR; };
		A72808AC1E65FA32004EAF90 /* AppDelegate.swift */ = {isa = PBXFileReference; lastKnownFileType = sourcecode.swift; path = AppDelegate.swift; sourceTree = "<group>"; };
		A72808AE1E65FA32004EAF90 /* ViewController.swift */ = {isa = PBXFileReference; lastKnownFileType = sourcecode.swift; path = ViewController.swift; sourceTree = "<group>"; };
		A72808B11E65FA32004EAF90 /* Base */ = {isa = PBXFileReference; lastKnownFileType = file.storyboard; name = Base; path = Base.lproj/Main.storyboard; sourceTree = "<group>"; };
		A72808B31E65FA32004EAF90 /* Assets.xcassets */ = {isa = PBXFileReference; lastKnownFileType = folder.assetcatalog; path = Assets.xcassets; sourceTree = "<group>"; };
		A72808B61E65FA32004EAF90 /* Base */ = {isa = PBXFileReference; lastKnownFileType = file.storyboard; name = Base; path = Base.lproj/LaunchScreen.storyboard; sourceTree = "<group>"; };
		A72808B81E65FA32004EAF90 /* Info.plist */ = {isa = PBXFileReference; lastKnownFileType = text.plist.xml; path = Info.plist; sourceTree = "<group>"; };
/* End PBXFileReference section */

/* Begin PBXFrameworksBuildPhase section */
		A72808A61E65FA32004EAF90 /* Frameworks */ = {
			isa = PBXFrameworksBuildPhase;
			buildActionMask = 2147483647;
			files = (
			);
			runOnlyForDeploymentPostprocessing = 0;
		};
/* End PBXFrameworksBuildPhase section */

/* Begin PBXGroup section */
		A72808A01E65FA32004EAF90 = {
			isa = PBXGroup;
			children = (
				A72808AB1E65FA32004EAF90 /* SwapingScreens */,
				A72808AA1E65FA32004EAF90 /* Products */,
			);
			sourceTree = "<group>";
		};
		A72808AA1E65FA32004EAF90 /* Products */ = {
			isa = PBXGroup;
			children = (
				A72808A91E65FA32004EAF90 /* SwapingScreens.app */,
			);
			name = Products;
			sourceTree = "<group>";
		};
		A72808AB1E65FA32004EAF90 /* SwapingScreens */ = {
			isa = PBXGroup;
			children = (
				A72808AC1E65FA32004EAF90 /* AppDelegate.swift */,
				A72808AE1E65FA32004EAF90 /* ViewController.swift */,
				A72808B01E65FA32004EAF90 /* Main.storyboard */,
				A72808B31E65FA32004EAF90 /* Assets.xcassets */,
				A72808B51E65FA32004EAF90 /* LaunchScreen.storyboard */,
				A72808B81E65FA32004EAF90 /* Info.plist */,
			);
			path = SwapingScreens;
			sourceTree = "<group>";
		};
/* End PBXGroup section */

/* Begin PBXNativeTarget section */
		A72808A81E65FA32004EAF90 /* SwapingScreens */ = {
			isa = PBXNativeTarget;
			buildConfigurationList = A72808BB1E65FA32004EAF90 /* Build configuration list for PBXNativeTarget "SwapingScreens" */;
			buildPhases = (
				A72808A51E65FA32004EAF90 /* Sources */,
				A72808A61E65FA32004EAF90 /* Frameworks */,
				A72808A71E65FA32004EAF90 /* Resources */,
			);
			buildRules = (
			);
			dependencies = (
			);
			name = SwapingScreens;
			productName = SwapingScreens;
			productReference = A72808A91E65FA32004EAF90 /* SwapingScreens.app */;
			productType = "com.apple.product-type.application";
		};
/* End PBXNativeTarget section */

/* Begin PBXProject section */
		A72808A11E65FA32004EAF90 /* Project object */ = {
			isa = PBXProject;
			attributes = {
				LastSwiftUpdateCheck = 0820;
				LastUpgradeCheck = 0820;
				ORGANIZATIONNAME = "Vagner Cazarotto";
				TargetAttributes = {
					A72808A81E65FA32004EAF90 = {
						CreatedOnToolsVersion = 8.2.1;
						ProvisioningStyle = Automatic;
					};
				};
			};
			buildConfigurationList = A72808A41E65FA32004EAF90 /* Build configuration list for PBXProject "SwapingScreens" */;
			compatibilityVersion = "Xcode 3.2";
			developmentRegion = English;
			hasScannedForEncodings = 0;
			knownRegions = (
				en,
				Base,
			);
			mainGroup = A72808A01E65FA32004EAF90;
			productRefGroup = A72808AA1E65FA32004EAF90 /* Products */;
			projectDirPath = "";
			projectRoot = "";
			targets = (
				A72808A81E65FA32004EAF90 /* SwapingScreens */,
			);
		};
/* End PBXProject section */

/* Begin PBXResourcesBuildPhase section */
		A72808A71E65FA32004EAF90 /* Resources */ = {
			isa = PBXResourcesBuildPhase;
			buildActionMask = 2147483647;
			files = (
				A72808B71E65FA32004EAF90 /* LaunchScreen.storyboard in Resources */,
				A72808B41E65FA32004EAF90 /* Assets.xcassets in Resources */,
				A72808B21E65FA32004EAF90 /* Main.storyboard in Resources */,
			);
			runOnlyForDeploymentPostprocessing = 0;
		};
/* End PBXResourcesBuildPhase section */

/* Begin PBXSourcesBuildPhase section */
		A72808A51E65FA32004EAF90 /* Sources */ = {
			isa = PBXSourcesBuildPhase;
			buildActionMask = 2147483647;
			files = (
				A72808AF1E65FA32004EAF90 /* ViewController.swift in Sources */,
				A72808AD1E65FA32004EAF90 /* AppDelegate.swift in Sources */,
			);
			runOnlyForDeploymentPostprocessing = 0;
		};
/* End PBXSourcesBuildPhase section */

/* Begin PBXVariantGroup section */
		A72808B01E65FA32004EAF90 /* Main.storyboard */ = {
			isa = PBXVariantGroup;
			children = (
				A72808B11E65FA32004EAF90 /* Base */,
			);
			name = Main.storyboard;
			sourceTree = "<group>";
		};
		A72808B51E65FA32004EAF90 /* LaunchScreen.storyboard */ = {
			isa = PBXVariantGroup;
			children = (
				A72808B61E65FA32004EAF90 /* Base */,
			);
			name = LaunchScreen.storyboard;
			sourceTree = "<group>";
		};
/* End PBXVariantGroup section */

/* Begin XCBuildConfiguration section */
		A72808B91E65FA32004EAF90 /* Debug */ = {
			isa = XCBuildConfiguration;
			buildSettings = {
				ALWAYS_SEARCH_USER_PATHS = NO;
				CLANG_ANALYZER_NONNULL = YES;
				CLANG_CXX_LANGUAGE_STANDARD = "gnu++0x";
				CLANG_CXX_LIBRARY = "libc++";
				CLANG_ENABLE_MODULES = YES;
				CLANG_ENABLE_OBJC_ARC = YES;
				CLANG_WARN_BOOL_CONVERSION = YES;
				CLANG_WARN_CONSTANT_CONVERSION = YES;
				CLANG_WARN_DIRECT_OBJC_ISA_USAGE = YES_ERROR;
				CLANG_WARN_DOCUMENTATION_COMMENTS = YES;
				CLANG_WARN_EMPTY_BODY = YES;
				CLANG_WARN_ENUM_CONVERSION = YES;
				CLANG_WARN_INFINITE_RECURSION = YES;
				CLANG_WARN_INT_CONVERSION = YES;
				CLANG_WARN_OBJC_ROOT_CLASS = YES_ERROR;
				CLANG_WARN_SUSPICIOUS_MOVE = YES;
				CLANG_WARN_UNREACHABLE_CODE = YES;
				CLANG_WARN__DUPLICATE_METHOD_MATCH = YES;
				"CODE_SIGN_IDENTITY[sdk=iphoneos*]" = "iPhone Developer";
				COPY_PHASE_STRIP = NO;
				DEBUG_INFORMATION_FORMAT = dwarf;
				ENABLE_STRICT_OBJC_MSGSEND = YES;
				ENABLE_TESTABILITY = YES;
				GCC_C_LANGUAGE_STANDARD = gnu99;
				GCC_DYNAMIC_NO_PIC = NO;
				GCC_NO_COMMON_BLOCKS = YES;
				GCC_OPTIMIZATION_LEVEL = 0;
				GCC_PREPROCESSOR_DEFINITIONS = (
					"DEBUG=1",
					"$(inherited)",
				);
				GCC_WARN_64_TO_32_BIT_CONVERSION = YES;
				GCC_WARN_ABOUT_RETURN_TYPE = YES_ERROR;
				GCC_WARN_UNDECLARED_SELECTOR = YES;
				GCC_WARN_UNINITIALIZED_AUTOS = YES_AGGRESSIVE;
				GCC_WARN_UNUSED_FUNCTION = YES;
				GCC_WARN_UNUSED_VARIABLE = YES;
				IPHONEOS_DEPLOYMENT_TARGET = 10.2;
				MTL_ENABLE_DEBUG_INFO = YES;
				ONLY_ACTIVE_ARCH = YES;
				SDKROOT = iphoneos;
				SWIFT_ACTIVE_COMPILATION_CONDITIONS = DEBUG;
				SWIFT_OPTIMIZATION_LEVEL = "-Onone";
				TARGETED_DEVICE_FAMILY = "1,2";
			};
			name = Debug;
		};
		A72808BA1E65FA32004EAF90 /* Release */ = {
			isa = XCBuildConfiguration;
			buildSettings = {
				ALWAYS_SEARCH_USER_PATHS = NO;
				CLANG_ANALYZER_NONNULL = YES;
				CLANG_CXX_LANGUAGE_STANDARD = "gnu++0x";
				CLANG_CXX_LIBRARY = "libc++";
				CLANG_ENABLE_MODULES = YES;
				CLANG_ENABLE_OBJC_ARC = YES;
				CLANG_WARN_BOOL_CONVERSION = YES;
				CLANG_WARN_CONSTANT_CONVERSION = YES;
				CLANG_WARN_DIRECT_OBJC_ISA_USAGE = YES_ERROR;
				CLANG_WARN_DOCUMENTATION_COMMENTS = YES;
				CLANG_WARN_EMPTY_BODY = YES;
				CLANG_WARN_ENUM_CONVERSION = YES;
				CLANG_WARN_INFINITE_RECURSION = YES;
				CLANG_WARN_INT_CONVERSION = YES;
				CLANG_WARN_OBJC_ROOT_CLASS = YES_ERROR;
				CLANG_WARN_SUSPICIOUS_MOVE = YES;
				CLANG_WARN_UNREACHABLE_CODE = YES;
				CLANG_WARN__DUPLICATE_METHOD_MATCH = YES;
				"CODE_SIGN_IDENTITY[sdk=iphoneos*]" = "iPhone Developer";
				COPY_PHASE_STRIP = NO;
				DEBUG_INFORMATION_FORMAT = "dwarf-with-dsym";
				ENABLE_NS_ASSERTIONS = NO;
				ENABLE_STRICT_OBJC_MSGSEND = YES;
				GCC_C_LANGUAGE_STANDARD = gnu99;
				GCC_NO_COMMON_BLOCKS = YES;
				GCC_WARN_64_TO_32_BIT_CONVERSION = YES;
				GCC_WARN_ABOUT_RETURN_TYPE = YES_ERROR;
				GCC_WARN_UNDECLARED_SELECTOR = YES;
				GCC_WARN_UNINITIALIZED_AUTOS = YES_AGGRESSIVE;
				GCC_WARN_UNUSED_FUNCTION = YES;
				GCC_WARN_UNUSED_VARIABLE = YES;
				IPHONEOS_DEPLOYMENT_TARGET = 10.2;
				MTL_ENABLE_DEBUG_INFO = NO;
				SDKROOT = iphoneos;
				SWIFT_OPTIMIZATION_LEVEL = "-Owholemodule";
				TARGETED_DEVICE_FAMILY = "1,2";
				VALIDATE_PRODUCT = YES;
			};
			name = Release;
		};
		A72808BC1E65FA32004EAF90 /* Debug */ = {
			isa = XCBuildConfiguration;
			buildSettings = {
				ASSETCATALOG_COMPILER_APPICON_NAME = AppIcon;
				INFOPLIST_FILE = SwapingScreens/Info.plist;
				LD_RUNPATH_SEARCH_PATHS = "$(inherited) @executable_path/Frameworks";
				PRODUCT_BUNDLE_IDENTIFIER = tkcode.com.SwapingScreens;
				PRODUCT_NAME = "$(TARGET_NAME)";
				SWIFT_VERSION = 3.0;
			};
			name = Debug;
		};
		A72808BD1E65FA32004EAF90 /* Release */ = {
			isa = XCBuildConfiguration;
			buildSettings = {
				ASSETCATALOG_COMPILER_APPICON_NAME = AppIcon;
				INFOPLIST_FILE = SwapingScreens/Info.plist;
				LD_RUNPATH_SEARCH_PATHS = "$(inherited) @executable_path/Frameworks";
				PRODUCT_BUNDLE_IDENTIFIER = tkcode.com.SwapingScreens;
				PRODUCT_NAME = "$(TARGET_NAME)";
				SWIFT_VERSION = 3.0;
			};
			name = Release;
		};
/* End XCBuildConfiguration section */

/* Begin XCConfigurationList section */
		A72808A41E65FA32004EAF90 /* Build configuration list for PBXProject "SwapingScreens" */ = {
			isa = XCConfigurationList;
			buildConfigurations = (
				A72808B91E65FA32004EAF90 /* Debug */,
				A72808BA1E65FA32004EAF90 /* Release */,
			);
			defaultConfigurationIsVisible = 0;
			defaultConfigurationName = Release;
		};
		A72808BB1E65FA32004EAF90 /* Build configuration list for PBXNativeTarget "SwapingScreens" */ = {
			isa = XCConfigurationList;
			buildConfigurations = (
				A72808BC1E65FA32004EAF90 /* Debug */,
				A72808BD1E65FA32004EAF90 /* Release */,
			);
			defaultConfigurationIsVisible = 0;
		};
/* End XCConfigurationList section */
	};
	rootObject = A72808A11E65FA32004EAF90 /* Project object */;
}
