// !$*UTF8*$!
{
	archiveVersion = 1;
	classes = {
	};
	objectVersion = 46;
	objects = {

/* Begin PBXBuildFile section */
		A76BF4B21E6B180D00439C21 /* Minecrafter.Alt.ttf in Resources */ = {isa = PBXBuildFile; fileRef = A76BF4B11E6B180D00439C21 /* Minecrafter.Alt.ttf */; };
		A7732B231E69BAC800A6E9B0 /* AppDelegate.swift in Sources */ = {isa = PBXBuildFile; fileRef = A7732B221E69BAC800A6E9B0 /* AppDelegate.swift */; };
		A7732B251E69BAC800A6E9B0 /* ViewController.swift in Sources */ = {isa = PBXBuildFile; fileRef = A7732B241E69BAC800A6E9B0 /* ViewController.swift */; };
		A7732B281E69BAC800A6E9B0 /* Main.storyboard in Resources */ = {isa = PBXBuildFile; fileRef = A7732B261E69BAC800A6E9B0 /* Main.storyboard */; };
		A7732B2A1E69BAC800A6E9B0 /* Assets.xcassets in Resources */ = {isa = PBXBuildFile; fileRef = A7732B291E69BAC800A6E9B0 /* Assets.xcassets */; };
		A7732B2D1E69BAC800A6E9B0 /* LaunchScreen.storyboard in Resources */ = {isa = PBXBuildFile; fileRef = A7732B2B1E69BAC800A6E9B0 /* LaunchScreen.storyboard */; };
/* End PBXBuildFile section */

/* Begin PBXFileReference section */
		A76BF4B11E6B180D00439C21 /* Minecrafter.Alt.ttf */ = {isa = PBXFileReference; lastKnownFileType = file; path = Minecrafter.Alt.ttf; sourceTree = "<group>"; };
		A7732B1F1E69BAC800A6E9B0 /* RetroCalculator.app */ = {isa = PBXFileReference; explicitFileType = wrapper.application; includeInIndex = 0; path = RetroCalculator.app; sourceTree = BUILT_PRODUCTS_DIR; };
		A7732B221E69BAC800A6E9B0 /* AppDelegate.swift */ = {isa = PBXFileReference; lastKnownFileType = sourcecode.swift; path = AppDelegate.swift; sourceTree = "<group>"; };
		A7732B241E69BAC800A6E9B0 /* ViewController.swift */ = {isa = PBXFileReference; lastKnownFileType = sourcecode.swift; path = ViewController.swift; sourceTree = "<group>"; };
		A7732B271E69BAC800A6E9B0 /* Base */ = {isa = PBXFileReference; lastKnownFileType = file.storyboard; name = Base; path = Base.lproj/Main.storyboard; sourceTree = "<group>"; };
		A7732B291E69BAC800A6E9B0 /* Assets.xcassets */ = {isa = PBXFileReference; lastKnownFileType = folder.assetcatalog; path = Assets.xcassets; sourceTree = "<group>"; };
		A7732B2C1E69BAC800A6E9B0 /* Base */ = {isa = PBXFileReference; lastKnownFileType = file.storyboard; name = Base; path = Base.lproj/LaunchScreen.storyboard; sourceTree = "<group>"; };
		A7732B2E1E69BAC800A6E9B0 /* Info.plist */ = {isa = PBXFileReference; lastKnownFileType = text.plist.xml; path = Info.plist; sourceTree = "<group>"; };
/* End PBXFileReference section */

/* Begin PBXFrameworksBuildPhase section */
		A7732B1C1E69BAC800A6E9B0 /* Frameworks */ = {
			isa = PBXFrameworksBuildPhase;
			buildActionMask = 2147483647;
			files = (
			);
			runOnlyForDeploymentPostprocessing = 0;
		};
/* End PBXFrameworksBuildPhase section */

/* Begin PBXGroup section */
		A7732B161E69BAC800A6E9B0 = {
			isa = PBXGroup;
			children = (
				A7732B211E69BAC800A6E9B0 /* RetroCalculator */,
				A7732B201E69BAC800A6E9B0 /* Products */,
			);
			sourceTree = "<group>";
		};
		A7732B201E69BAC800A6E9B0 /* Products */ = {
			isa = PBXGroup;
			children = (
				A7732B1F1E69BAC800A6E9B0 /* RetroCalculator.app */,
			);
			name = Products;
			sourceTree = "<group>";
		};
		A7732B211E69BAC800A6E9B0 /* RetroCalculator */ = {
			isa = PBXGroup;
			children = (
				A76BF4B11E6B180D00439C21 /* Minecrafter.Alt.ttf */,
				A7732B221E69BAC800A6E9B0 /* AppDelegate.swift */,
				A7732B241E69BAC800A6E9B0 /* ViewController.swift */,
				A7732B261E69BAC800A6E9B0 /* Main.storyboard */,
				A7732B291E69BAC800A6E9B0 /* Assets.xcassets */,
				A7732B2B1E69BAC800A6E9B0 /* LaunchScreen.storyboard */,
				A7732B2E1E69BAC800A6E9B0 /* Info.plist */,
			);
			path = RetroCalculator;
			sourceTree = "<group>";
		};
/* End PBXGroup section */

/* Begin PBXNativeTarget section */
		A7732B1E1E69BAC800A6E9B0 /* RetroCalculator */ = {
			isa = PBXNativeTarget;
			buildConfigurationList = A7732B311E69BAC800A6E9B0 /* Build configuration list for PBXNativeTarget "RetroCalculator" */;
			buildPhases = (
				A7732B1B1E69BAC800A6E9B0 /* Sources */,
				A7732B1C1E69BAC800A6E9B0 /* Frameworks */,
				A7732B1D1E69BAC800A6E9B0 /* Resources */,
			);
			buildRules = (
			);
			dependencies = (
			);
			name = RetroCalculator;
			productName = RetroCalculator;
			productReference = A7732B1F1E69BAC800A6E9B0 /* RetroCalculator.app */;
			productType = "com.apple.product-type.application";
		};
/* End PBXNativeTarget section */

/* Begin PBXProject section */
		A7732B171E69BAC800A6E9B0 /* Project object */ = {
			isa = PBXProject;
			attributes = {
				LastSwiftUpdateCheck = 0820;
				LastUpgradeCheck = 0820;
				ORGANIZATIONNAME = "Vagner Cazarotto";
				TargetAttributes = {
					A7732B1E1E69BAC800A6E9B0 = {
						CreatedOnToolsVersion = 8.2.1;
						ProvisioningStyle = Automatic;
					};
				};
			};
			buildConfigurationList = A7732B1A1E69BAC800A6E9B0 /* Build configuration list for PBXProject "RetroCalculator" */;
			compatibilityVersion = "Xcode 3.2";
			developmentRegion = English;
			hasScannedForEncodings = 0;
			knownRegions = (
				en,
				Base,
			);
			mainGroup = A7732B161E69BAC800A6E9B0;
			productRefGroup = A7732B201E69BAC800A6E9B0 /* Products */;
			projectDirPath = "";
			projectRoot = "";
			targets = (
				A7732B1E1E69BAC800A6E9B0 /* RetroCalculator */,
			);
		};
/* End PBXProject section */

/* Begin PBXResourcesBuildPhase section */
		A7732B1D1E69BAC800A6E9B0 /* Resources */ = {
			isa = PBXResourcesBuildPhase;
			buildActionMask = 2147483647;
			files = (
				A7732B2D1E69BAC800A6E9B0 /* LaunchScreen.storyboard in Resources */,
				A7732B2A1E69BAC800A6E9B0 /* Assets.xcassets in Resources */,
				A76BF4B21E6B180D00439C21 /* Minecrafter.Alt.ttf in Resources */,
				A7732B281E69BAC800A6E9B0 /* Main.storyboard in Resources */,
			);
			runOnlyForDeploymentPostprocessing = 0;
		};
/* End PBXResourcesBuildPhase section */

/* Begin PBXSourcesBuildPhase section */
		A7732B1B1E69BAC800A6E9B0 /* Sources */ = {
			isa = PBXSourcesBuildPhase;
			buildActionMask = 2147483647;
			files = (
				A7732B251E69BAC800A6E9B0 /* ViewController.swift in Sources */,
				A7732B231E69BAC800A6E9B0 /* AppDelegate.swift in Sources */,
			);
			runOnlyForDeploymentPostprocessing = 0;
		};
/* End PBXSourcesBuildPhase section */

/* Begin PBXVariantGroup section */
		A7732B261E69BAC800A6E9B0 /* Main.storyboard */ = {
			isa = PBXVariantGroup;
			children = (
				A7732B271E69BAC800A6E9B0 /* Base */,
			);
			name = Main.storyboard;
			sourceTree = "<group>";
		};
		A7732B2B1E69BAC800A6E9B0 /* LaunchScreen.storyboard */ = {
			isa = PBXVariantGroup;
			children = (
				A7732B2C1E69BAC800A6E9B0 /* Base */,
			);
			name = LaunchScreen.storyboard;
			sourceTree = "<group>";
		};
/* End PBXVariantGroup section */

/* Begin XCBuildConfiguration section */
		A7732B2F1E69BAC800A6E9B0 /* Debug */ = {
			isa = XCBuildConfiguration;
			buildSettings = {
				ALWAYS_SEARCH_USER_PATHS = NO;
				CLANG_ANALYZER_NONNULL = YES;
				CLANG_CXX_LANGUAGE_STANDARD = "gnu++0x";
				CLANG_CXX_LIBRARY = "libc++";
				CLANG_ENABLE_MODULES = YES;
				CLANG_ENABLE_OBJC_ARC = YES;
				CLANG_WARN_BOOL_CONVERSION = YES;
				CLANG_WARN_CONSTANT_CONVERSION = YES;
				CLANG_WARN_DIRECT_OBJC_ISA_USAGE = YES_ERROR;
				CLANG_WARN_DOCUMENTATION_COMMENTS = YES;
				CLANG_WARN_EMPTY_BODY = YES;
				CLANG_WARN_ENUM_CONVERSION = YES;
				CLANG_WARN_INFINITE_RECURSION = YES;
				CLANG_WARN_INT_CONVERSION = YES;
				CLANG_WARN_OBJC_ROOT_CLASS = YES_ERROR;
				CLANG_WARN_SUSPICIOUS_MOVE = YES;
				CLANG_WARN_UNREACHABLE_CODE = YES;
				CLANG_WARN__DUPLICATE_METHOD_MATCH = YES;
				"CODE_SIGN_IDENTITY[sdk=iphoneos*]" = "iPhone Developer";
				COPY_PHASE_STRIP = NO;
				DEBUG_INFORMATION_FORMAT = dwarf;
				ENABLE_STRICT_OBJC_MSGSEND = YES;
				ENABLE_TESTABILITY = YES;
				GCC_C_LANGUAGE_STANDARD = gnu99;
				GCC_DYNAMIC_NO_PIC = NO;
				GCC_NO_COMMON_BLOCKS = YES;
				GCC_OPTIMIZATION_LEVEL = 0;
				GCC_PREPROCESSOR_DEFINITIONS = (
					"DEBUG=1",
					"$(inherited)",
				);
				GCC_WARN_64_TO_32_BIT_CONVERSION = YES;
				GCC_WARN_ABOUT_RETURN_TYPE = YES_ERROR;
				GCC_WARN_UNDECLARED_SELECTOR = YES;
				GCC_WARN_UNINITIALIZED_AUTOS = YES_AGGRESSIVE;
				GCC_WARN_UNUSED_FUNCTION = YES;
				GCC_WARN_UNUSED_VARIABLE = YES;
				IPHONEOS_DEPLOYMENT_TARGET = 10.2;
				MTL_ENABLE_DEBUG_INFO = YES;
				ONLY_ACTIVE_ARCH = YES;
				SDKROOT = iphoneos;
				SWIFT_ACTIVE_COMPILATION_CONDITIONS = DEBUG;
				SWIFT_OPTIMIZATION_LEVEL = "-Onone";
				TARGETED_DEVICE_FAMILY = "1,2";
			};
			name = Debug;
		};
		A7732B301E69BAC800A6E9B0 /* Release */ = {
			isa = XCBuildConfiguration;
			buildSettings = {
				ALWAYS_SEARCH_USER_PATHS = NO;
				CLANG_ANALYZER_NONNULL = YES;
				CLANG_CXX_LANGUAGE_STANDARD = "gnu++0x";
				CLANG_CXX_LIBRARY = "libc++";
				CLANG_ENABLE_MODULES = YES;
				CLANG_ENABLE_OBJC_ARC = YES;
				CLANG_WARN_BOOL_CONVERSION = YES;
				CLANG_WARN_CONSTANT_CONVERSION = YES;
				CLANG_WARN_DIRECT_OBJC_ISA_USAGE = YES_ERROR;
				CLANG_WARN_DOCUMENTATION_COMMENTS = YES;
				CLANG_WARN_EMPTY_BODY = YES;
				CLANG_WARN_ENUM_CONVERSION = YES;
				CLANG_WARN_INFINITE_RECURSION = YES;
				CLANG_WARN_INT_CONVERSION = YES;
				CLANG_WARN_OBJC_ROOT_CLASS = YES_ERROR;
				CLANG_WARN_SUSPICIOUS_MOVE = YES;
				CLANG_WARN_UNREACHABLE_CODE = YES;
				CLANG_WARN__DUPLICATE_METHOD_MATCH = YES;
				"CODE_SIGN_IDENTITY[sdk=iphoneos*]" = "iPhone Developer";
				COPY_PHASE_STRIP = NO;
				DEBUG_INFORMATION_FORMAT = "dwarf-with-dsym";
				ENABLE_NS_ASSERTIONS = NO;
				ENABLE_STRICT_OBJC_MSGSEND = YES;
				GCC_C_LANGUAGE_STANDARD = gnu99;
				GCC_NO_COMMON_BLOCKS = YES;
				GCC_WARN_64_TO_32_BIT_CONVERSION = YES;
				GCC_WARN_ABOUT_RETURN_TYPE = YES_ERROR;
				GCC_WARN_UNDECLARED_SELECTOR = YES;
				GCC_WARN_UNINITIALIZED_AUTOS = YES_AGGRESSIVE;
				GCC_WARN_UNUSED_FUNCTION = YES;
				GCC_WARN_UNUSED_VARIABLE = YES;
				IPHONEOS_DEPLOYMENT_TARGET = 10.2;
				MTL_ENABLE_DEBUG_INFO = NO;
				SDKROOT = iphoneos;
				SWIFT_OPTIMIZATION_LEVEL = "-Owholemodule";
				TARGETED_DEVICE_FAMILY = "1,2";
				VALIDATE_PRODUCT = YES;
			};
			name = Release;
		};
		A7732B321E69BAC800A6E9B0 /* Debug */ = {
			isa = XCBuildConfiguration;
			buildSettings = {
				ASSETCATALOG_COMPILER_APPICON_NAME = AppIcon;
				INFOPLIST_FILE = RetroCalculator/Info.plist;
				LD_RUNPATH_SEARCH_PATHS = "$(inherited) @executable_path/Frameworks";
				PRODUCT_BUNDLE_IDENTIFIER = tkcode.com.RetroCalculator;
				PRODUCT_NAME = "$(TARGET_NAME)";
				SWIFT_VERSION = 3.0;
			};
			name = Debug;
		};
		A7732B331E69BAC800A6E9B0 /* Release */ = {
			isa = XCBuildConfiguration;
			buildSettings = {
				ASSETCATALOG_COMPILER_APPICON_NAME = AppIcon;
				INFOPLIST_FILE = RetroCalculator/Info.plist;
				LD_RUNPATH_SEARCH_PATHS = "$(inherited) @executable_path/Frameworks";
				PRODUCT_BUNDLE_IDENTIFIER = tkcode.com.RetroCalculator;
				PRODUCT_NAME = "$(TARGET_NAME)";
				SWIFT_VERSION = 3.0;
			};
			name = Release;
		};
/* End XCBuildConfiguration section */

/* Begin XCConfigurationList section */
		A7732B1A1E69BAC800A6E9B0 /* Build configuration list for PBXProject "RetroCalculator" */ = {
			isa = XCConfigurationList;
			buildConfigurations = (
				A7732B2F1E69BAC800A6E9B0 /* Debug */,
				A7732B301E69BAC800A6E9B0 /* Release */,
			);
			defaultConfigurationIsVisible = 0;
			defaultConfigurationName = Release;
		};
		A7732B311E69BAC800A6E9B0 /* Build configuration list for PBXNativeTarget "RetroCalculator" */ = {
			isa = XCConfigurationList;
			buildConfigurations = (
				A7732B321E69BAC800A6E9B0 /* Debug */,
				A7732B331E69BAC800A6E9B0 /* Release */,
			);
			defaultConfigurationIsVisible = 0;
			defaultConfigurationName = Release;
		};
/* End XCConfigurationList section */
	};
	rootObject = A7732B171E69BAC800A6E9B0 /* Project object */;
}
