// !$*UTF8*$!
{
	archiveVersion = 1;
	classes = {
	};
	objectVersion = 46;
	objects = {

/* Begin PBXBuildFile section */
		A7505DFA1D7456DA006B76B5 /* AppDelegate.swift in Sources */ = {isa = PBXBuildFile; fileRef = A7505DF91D7456DA006B76B5 /* AppDelegate.swift */; };
		A7505DFC1D7456DA006B76B5 /* ViewController.swift in Sources */ = {isa = PBXBuildFile; fileRef = A7505DFB1D7456DA006B76B5 /* ViewController.swift */; };
		A7505DFF1D7456DA006B76B5 /* Main.storyboard in Resources */ = {isa = PBXBuildFile; fileRef = A7505DFD1D7456DA006B76B5 /* Main.storyboard */; };
		A7505E011D7456DA006B76B5 /* Assets.xcassets in Resources */ = {isa = PBXBuildFile; fileRef = A7505E001D7456DA006B76B5 /* Assets.xcassets */; };
		A7505E041D7456DA006B76B5 /* LaunchScreen.storyboard in Resources */ = {isa = PBXBuildFile; fileRef = A7505E021D7456DA006B76B5 /* LaunchScreen.storyboard */; };
		A7505E0F1D7456DA006B76B5 /* MemeCreatorTests.swift in Sources */ = {isa = PBXBuildFile; fileRef = A7505E0E1D7456DA006B76B5 /* MemeCreatorTests.swift */; };
		A7505E1A1D7456DA006B76B5 /* MemeCreatorUITests.swift in Sources */ = {isa = PBXBuildFile; fileRef = A7505E191D7456DA006B76B5 /* MemeCreatorUITests.swift */; };
/* End PBXBuildFile section */

/* Begin PBXContainerItemProxy section */
		A7505E0B1D7456DA006B76B5 /* PBXContainerItemProxy */ = {
			isa = PBXContainerItemProxy;
			containerPortal = A7505DEE1D7456DA006B76B5 /* Project object */;
			proxyType = 1;
			remoteGlobalIDString = A7505DF51D7456DA006B76B5;
			remoteInfo = MemeCreator;
		};
		A7505E161D7456DA006B76B5 /* PBXContainerItemProxy */ = {
			isa = PBXContainerItemProxy;
			containerPortal = A7505DEE1D7456DA006B76B5 /* Project object */;
			proxyType = 1;
			remoteGlobalIDString = A7505DF51D7456DA006B76B5;
			remoteInfo = MemeCreator;
		};
/* End PBXContainerItemProxy section */

/* Begin PBXFileReference section */
		A7505DF61D7456DA006B76B5 /* MemeCreator.app */ = {isa = PBXFileReference; explicitFileType = wrapper.application; includeInIndex = 0; path = MemeCreator.app; sourceTree = BUILT_PRODUCTS_DIR; };
		A7505DF91D7456DA006B76B5 /* AppDelegate.swift */ = {isa = PBXFileReference; lastKnownFileType = sourcecode.swift; path = AppDelegate.swift; sourceTree = "<group>"; };
		A7505DFB1D7456DA006B76B5 /* ViewController.swift */ = {isa = PBXFileReference; lastKnownFileType = sourcecode.swift; path = ViewController.swift; sourceTree = "<group>"; };
		A7505DFE1D7456DA006B76B5 /* Base */ = {isa = PBXFileReference; lastKnownFileType = file.storyboard; name = Base; path = Base.lproj/Main.storyboard; sourceTree = "<group>"; };
		A7505E001D7456DA006B76B5 /* Assets.xcassets */ = {isa = PBXFileReference; lastKnownFileType = folder.assetcatalog; path = Assets.xcassets; sourceTree = "<group>"; };
		A7505E031D7456DA006B76B5 /* Base */ = {isa = PBXFileReference; lastKnownFileType = file.storyboard; name = Base; path = Base.lproj/LaunchScreen.storyboard; sourceTree = "<group>"; };
		A7505E051D7456DA006B76B5 /* Info.plist */ = {isa = PBXFileReference; lastKnownFileType = text.plist.xml; path = Info.plist; sourceTree = "<group>"; };
		A7505E0A1D7456DA006B76B5 /* MemeCreatorTests.xctest */ = {isa = PBXFileReference; explicitFileType = wrapper.cfbundle; includeInIndex = 0; path = MemeCreatorTests.xctest; sourceTree = BUILT_PRODUCTS_DIR; };
		A7505E0E1D7456DA006B76B5 /* MemeCreatorTests.swift */ = {isa = PBXFileReference; lastKnownFileType = sourcecode.swift; path = MemeCreatorTests.swift; sourceTree = "<group>"; };
		A7505E101D7456DA006B76B5 /* Info.plist */ = {isa = PBXFileReference; lastKnownFileType = text.plist.xml; path = Info.plist; sourceTree = "<group>"; };
		A7505E151D7456DA006B76B5 /* MemeCreatorUITests.xctest */ = {isa = PBXFileReference; explicitFileType = wrapper.cfbundle; includeInIndex = 0; path = MemeCreatorUITests.xctest; sourceTree = BUILT_PRODUCTS_DIR; };
		A7505E191D7456DA006B76B5 /* MemeCreatorUITests.swift */ = {isa = PBXFileReference; lastKnownFileType = sourcecode.swift; path = MemeCreatorUITests.swift; sourceTree = "<group>"; };
		A7505E1B1D7456DA006B76B5 /* Info.plist */ = {isa = PBXFileReference; lastKnownFileType = text.plist.xml; path = Info.plist; sourceTree = "<group>"; };
/* End PBXFileReference section */

/* Begin PBXFrameworksBuildPhase section */
		A7505DF31D7456DA006B76B5 /* Frameworks */ = {
			isa = PBXFrameworksBuildPhase;
			buildActionMask = 2147483647;
			files = (
			);
			runOnlyForDeploymentPostprocessing = 0;
		};
		A7505E071D7456DA006B76B5 /* Frameworks */ = {
			isa = PBXFrameworksBuildPhase;
			buildActionMask = 2147483647;
			files = (
			);
			runOnlyForDeploymentPostprocessing = 0;
		};
		A7505E121D7456DA006B76B5 /* Frameworks */ = {
			isa = PBXFrameworksBuildPhase;
			buildActionMask = 2147483647;
			files = (
			);
			runOnlyForDeploymentPostprocessing = 0;
		};
/* End PBXFrameworksBuildPhase section */

/* Begin PBXGroup section */
		A7505DED1D7456DA006B76B5 = {
			isa = PBXGroup;
			children = (
				A7505DF81D7456DA006B76B5 /* MemeCreator */,
				A7505E0D1D7456DA006B76B5 /* MemeCreatorTests */,
				A7505E181D7456DA006B76B5 /* MemeCreatorUITests */,
				A7505DF71D7456DA006B76B5 /* Products */,
			);
			sourceTree = "<group>";
		};
		A7505DF71D7456DA006B76B5 /* Products */ = {
			isa = PBXGroup;
			children = (
				A7505DF61D7456DA006B76B5 /* MemeCreator.app */,
				A7505E0A1D7456DA006B76B5 /* MemeCreatorTests.xctest */,
				A7505E151D7456DA006B76B5 /* MemeCreatorUITests.xctest */,
			);
			name = Products;
			sourceTree = "<group>";
		};
		A7505DF81D7456DA006B76B5 /* MemeCreator */ = {
			isa = PBXGroup;
			children = (
				A7505DF91D7456DA006B76B5 /* AppDelegate.swift */,
				A7505DFB1D7456DA006B76B5 /* ViewController.swift */,
				A7505DFD1D7456DA006B76B5 /* Main.storyboard */,
				A7505E001D7456DA006B76B5 /* Assets.xcassets */,
				A7505E021D7456DA006B76B5 /* LaunchScreen.storyboard */,
				A7505E051D7456DA006B76B5 /* Info.plist */,
			);
			path = MemeCreator;
			sourceTree = "<group>";
		};
		A7505E0D1D7456DA006B76B5 /* MemeCreatorTests */ = {
			isa = PBXGroup;
			children = (
				A7505E0E1D7456DA006B76B5 /* MemeCreatorTests.swift */,
				A7505E101D7456DA006B76B5 /* Info.plist */,
			);
			path = MemeCreatorTests;
			sourceTree = "<group>";
		};
		A7505E181D7456DA006B76B5 /* MemeCreatorUITests */ = {
			isa = PBXGroup;
			children = (
				A7505E191D7456DA006B76B5 /* MemeCreatorUITests.swift */,
				A7505E1B1D7456DA006B76B5 /* Info.plist */,
			);
			path = MemeCreatorUITests;
			sourceTree = "<group>";
		};
/* End PBXGroup section */

/* Begin PBXNativeTarget section */
		A7505DF51D7456DA006B76B5 /* MemeCreator */ = {
			isa = PBXNativeTarget;
			buildConfigurationList = A7505E1E1D7456DA006B76B5 /* Build configuration list for PBXNativeTarget "MemeCreator" */;
			buildPhases = (
				A7505DF21D7456DA006B76B5 /* Sources */,
				A7505DF31D7456DA006B76B5 /* Frameworks */,
				A7505DF41D7456DA006B76B5 /* Resources */,
			);
			buildRules = (
			);
			dependencies = (
			);
			name = MemeCreator;
			productName = MemeCreator;
			productReference = A7505DF61D7456DA006B76B5 /* MemeCreator.app */;
			productType = "com.apple.product-type.application";
		};
		A7505E091D7456DA006B76B5 /* MemeCreatorTests */ = {
			isa = PBXNativeTarget;
			buildConfigurationList = A7505E211D7456DA006B76B5 /* Build configuration list for PBXNativeTarget "MemeCreatorTests" */;
			buildPhases = (
				A7505E061D7456DA006B76B5 /* Sources */,
				A7505E071D7456DA006B76B5 /* Frameworks */,
				A7505E081D7456DA006B76B5 /* Resources */,
			);
			buildRules = (
			);
			dependencies = (
				A7505E0C1D7456DA006B76B5 /* PBXTargetDependency */,
			);
			name = MemeCreatorTests;
			productName = MemeCreatorTests;
			productReference = A7505E0A1D7456DA006B76B5 /* MemeCreatorTests.xctest */;
			productType = "com.apple.product-type.bundle.unit-test";
		};
		A7505E141D7456DA006B76B5 /* MemeCreatorUITests */ = {
			isa = PBXNativeTarget;
			buildConfigurationList = A7505E241D7456DA006B76B5 /* Build configuration list for PBXNativeTarget "MemeCreatorUITests" */;
			buildPhases = (
				A7505E111D7456DA006B76B5 /* Sources */,
				A7505E121D7456DA006B76B5 /* Frameworks */,
				A7505E131D7456DA006B76B5 /* Resources */,
			);
			buildRules = (
			);
			dependencies = (
				A7505E171D7456DA006B76B5 /* PBXTargetDependency */,
			);
			name = MemeCreatorUITests;
			productName = MemeCreatorUITests;
			productReference = A7505E151D7456DA006B76B5 /* MemeCreatorUITests.xctest */;
			productType = "com.apple.product-type.bundle.ui-testing";
		};
/* End PBXNativeTarget section */

/* Begin PBXProject section */
		A7505DEE1D7456DA006B76B5 /* Project object */ = {
			isa = PBXProject;
			attributes = {
				LastSwiftUpdateCheck = 0730;
				LastUpgradeCheck = 0730;
				ORGANIZATIONNAME = "vagner cazarotto";
				TargetAttributes = {
					A7505DF51D7456DA006B76B5 = {
						CreatedOnToolsVersion = 7.3.1;
					};
					A7505E091D7456DA006B76B5 = {
						CreatedOnToolsVersion = 7.3.1;
						TestTargetID = A7505DF51D7456DA006B76B5;
					};
					A7505E141D7456DA006B76B5 = {
						CreatedOnToolsVersion = 7.3.1;
						TestTargetID = A7505DF51D7456DA006B76B5;
					};
				};
			};
			buildConfigurationList = A7505DF11D7456DA006B76B5 /* Build configuration list for PBXProject "MemeCreator" */;
			compatibilityVersion = "Xcode 3.2";
			developmentRegion = English;
			hasScannedForEncodings = 0;
			knownRegions = (
				en,
				Base,
			);
			mainGroup = A7505DED1D7456DA006B76B5;
			productRefGroup = A7505DF71D7456DA006B76B5 /* Products */;
			projectDirPath = "";
			projectRoot = "";
			targets = (
				A7505DF51D7456DA006B76B5 /* MemeCreator */,
				A7505E091D7456DA006B76B5 /* MemeCreatorTests */,
				A7505E141D7456DA006B76B5 /* MemeCreatorUITests */,
			);
		};
/* End PBXProject section */

/* Begin PBXResourcesBuildPhase section */
		A7505DF41D7456DA006B76B5 /* Resources */ = {
			isa = PBXResourcesBuildPhase;
			buildActionMask = 2147483647;
			files = (
				A7505E041D7456DA006B76B5 /* LaunchScreen.storyboard in Resources */,
				A7505E011D7456DA006B76B5 /* Assets.xcassets in Resources */,
				A7505DFF1D7456DA006B76B5 /* Main.storyboard in Resources */,
			);
			runOnlyForDeploymentPostprocessing = 0;
		};
		A7505E081D7456DA006B76B5 /* Resources */ = {
			isa = PBXResourcesBuildPhase;
			buildActionMask = 2147483647;
			files = (
			);
			runOnlyForDeploymentPostprocessing = 0;
		};
		A7505E131D7456DA006B76B5 /* Resources */ = {
			isa = PBXResourcesBuildPhase;
			buildActionMask = 2147483647;
			files = (
			);
			runOnlyForDeploymentPostprocessing = 0;
		};
/* End PBXResourcesBuildPhase section */

/* Begin PBXSourcesBuildPhase section */
		A7505DF21D7456DA006B76B5 /* Sources */ = {
			isa = PBXSourcesBuildPhase;
			buildActionMask = 2147483647;
			files = (
				A7505DFC1D7456DA006B76B5 /* ViewController.swift in Sources */,
				A7505DFA1D7456DA006B76B5 /* AppDelegate.swift in Sources */,
			);
			runOnlyForDeploymentPostprocessing = 0;
		};
		A7505E061D7456DA006B76B5 /* Sources */ = {
			isa = PBXSourcesBuildPhase;
			buildActionMask = 2147483647;
			files = (
				A7505E0F1D7456DA006B76B5 /* MemeCreatorTests.swift in Sources */,
			);
			runOnlyForDeploymentPostprocessing = 0;
		};
		A7505E111D7456DA006B76B5 /* Sources */ = {
			isa = PBXSourcesBuildPhase;
			buildActionMask = 2147483647;
			files = (
				A7505E1A1D7456DA006B76B5 /* MemeCreatorUITests.swift in Sources */,
			);
			runOnlyForDeploymentPostprocessing = 0;
		};
/* End PBXSourcesBuildPhase section */

/* Begin PBXTargetDependency section */
		A7505E0C1D7456DA006B76B5 /* PBXTargetDependency */ = {
			isa = PBXTargetDependency;
			target = A7505DF51D7456DA006B76B5 /* MemeCreator */;
			targetProxy = A7505E0B1D7456DA006B76B5 /* PBXContainerItemProxy */;
		};
		A7505E171D7456DA006B76B5 /* PBXTargetDependency */ = {
			isa = PBXTargetDependency;
			target = A7505DF51D7456DA006B76B5 /* MemeCreator */;
			targetProxy = A7505E161D7456DA006B76B5 /* PBXContainerItemProxy */;
		};
/* End PBXTargetDependency section */

/* Begin PBXVariantGroup section */
		A7505DFD1D7456DA006B76B5 /* Main.storyboard */ = {
			isa = PBXVariantGroup;
			children = (
				A7505DFE1D7456DA006B76B5 /* Base */,
			);
			name = Main.storyboard;
			sourceTree = "<group>";
		};
		A7505E021D7456DA006B76B5 /* LaunchScreen.storyboard */ = {
			isa = PBXVariantGroup;
			children = (
				A7505E031D7456DA006B76B5 /* Base */,
			);
			name = LaunchScreen.storyboard;
			sourceTree = "<group>";
		};
/* End PBXVariantGroup section */

/* Begin XCBuildConfiguration section */
		A7505E1C1D7456DA006B76B5 /* Debug */ = {
			isa = XCBuildConfiguration;
			buildSettings = {
				ALWAYS_SEARCH_USER_PATHS = NO;
				CLANG_ANALYZER_NONNULL = YES;
				CLANG_CXX_LANGUAGE_STANDARD = "gnu++0x";
				CLANG_CXX_LIBRARY = "libc++";
				CLANG_ENABLE_MODULES = YES;
				CLANG_ENABLE_OBJC_ARC = YES;
				CLANG_WARN_BOOL_CONVERSION = YES;
				CLANG_WARN_CONSTANT_CONVERSION = YES;
				CLANG_WARN_DIRECT_OBJC_ISA_USAGE = YES_ERROR;
				CLANG_WARN_EMPTY_BODY = YES;
				CLANG_WARN_ENUM_CONVERSION = YES;
				CLANG_WARN_INT_CONVERSION = YES;
				CLANG_WARN_OBJC_ROOT_CLASS = YES_ERROR;
				CLANG_WARN_UNREACHABLE_CODE = YES;
				CLANG_WARN__DUPLICATE_METHOD_MATCH = YES;
				"CODE_SIGN_IDENTITY[sdk=iphoneos*]" = "iPhone Developer";
				COPY_PHASE_STRIP = NO;
				DEBUG_INFORMATION_FORMAT = dwarf;
				ENABLE_STRICT_OBJC_MSGSEND = YES;
				ENABLE_TESTABILITY = YES;
				GCC_C_LANGUAGE_STANDARD = gnu99;
				GCC_DYNAMIC_NO_PIC = NO;
				GCC_NO_COMMON_BLOCKS = YES;
				GCC_OPTIMIZATION_LEVEL = 0;
				GCC_PREPROCESSOR_DEFINITIONS = (
					"DEBUG=1",
					"$(inherited)",
				);
				GCC_WARN_64_TO_32_BIT_CONVERSION = YES;
				GCC_WARN_ABOUT_RETURN_TYPE = YES_ERROR;
				GCC_WARN_UNDECLARED_SELECTOR = YES;
				GCC_WARN_UNINITIALIZED_AUTOS = YES_AGGRESSIVE;
				GCC_WARN_UNUSED_FUNCTION = YES;
				GCC_WARN_UNUSED_VARIABLE = YES;
				IPHONEOS_DEPLOYMENT_TARGET = 9.3;
				MTL_ENABLE_DEBUG_INFO = YES;
				ONLY_ACTIVE_ARCH = YES;
				SDKROOT = iphoneos;
				SWIFT_OPTIMIZATION_LEVEL = "-Onone";
				TARGETED_DEVICE_FAMILY = "1,2";
			};
			name = Debug;
		};
		A7505E1D1D7456DA006B76B5 /* Release */ = {
			isa = XCBuildConfiguration;
			buildSettings = {
				ALWAYS_SEARCH_USER_PATHS = NO;
				CLANG_ANALYZER_NONNULL = YES;
				CLANG_CXX_LANGUAGE_STANDARD = "gnu++0x";
				CLANG_CXX_LIBRARY = "libc++";
				CLANG_ENABLE_MODULES = YES;
				CLANG_ENABLE_OBJC_ARC = YES;
				CLANG_WARN_BOOL_CONVERSION = YES;
				CLANG_WARN_CONSTANT_CONVERSION = YES;
				CLANG_WARN_DIRECT_OBJC_ISA_USAGE = YES_ERROR;
				CLANG_WARN_EMPTY_BODY = YES;
				CLANG_WARN_ENUM_CONVERSION = YES;
				CLANG_WARN_INT_CONVERSION = YES;
				CLANG_WARN_OBJC_ROOT_CLASS = YES_ERROR;
				CLANG_WARN_UNREACHABLE_CODE = YES;
				CLANG_WARN__DUPLICATE_METHOD_MATCH = YES;
				"CODE_SIGN_IDENTITY[sdk=iphoneos*]" = "iPhone Developer";
				COPY_PHASE_STRIP = NO;
				DEBUG_INFORMATION_FORMAT = "dwarf-with-dsym";
				ENABLE_NS_ASSERTIONS = NO;
				ENABLE_STRICT_OBJC_MSGSEND = YES;
				GCC_C_LANGUAGE_STANDARD = gnu99;
				GCC_NO_COMMON_BLOCKS = YES;
				GCC_WARN_64_TO_32_BIT_CONVERSION = YES;
				GCC_WARN_ABOUT_RETURN_TYPE = YES_ERROR;
				GCC_WARN_UNDECLARED_SELECTOR = YES;
				GCC_WARN_UNINITIALIZED_AUTOS = YES_AGGRESSIVE;
				GCC_WARN_UNUSED_FUNCTION = YES;
				GCC_WARN_UNUSED_VARIABLE = YES;
				IPHONEOS_DEPLOYMENT_TARGET = 9.3;
				MTL_ENABLE_DEBUG_INFO = NO;
				SDKROOT = iphoneos;
				TARGETED_DEVICE_FAMILY = "1,2";
				VALIDATE_PRODUCT = YES;
			};
			name = Release;
		};
		A7505E1F1D7456DA006B76B5 /* Debug */ = {
			isa = XCBuildConfiguration;
			buildSettings = {
				ASSETCATALOG_COMPILER_APPICON_NAME = AppIcon;
				INFOPLIST_FILE = MemeCreator/Info.plist;
				LD_RUNPATH_SEARCH_PATHS = "$(inherited) @executable_path/Frameworks";
				PRODUCT_BUNDLE_IDENTIFIER = com.tkcode.MemeCreator;
				PRODUCT_NAME = "$(TARGET_NAME)";
			};
			name = Debug;
		};
		A7505E201D7456DA006B76B5 /* Release */ = {
			isa = XCBuildConfiguration;
			buildSettings = {
				ASSETCATALOG_COMPILER_APPICON_NAME = AppIcon;
				INFOPLIST_FILE = MemeCreator/Info.plist;
				LD_RUNPATH_SEARCH_PATHS = "$(inherited) @executable_path/Frameworks";
				PRODUCT_BUNDLE_IDENTIFIER = com.tkcode.MemeCreator;
				PRODUCT_NAME = "$(TARGET_NAME)";
			};
			name = Release;
		};
		A7505E221D7456DA006B76B5 /* Debug */ = {
			isa = XCBuildConfiguration;
			buildSettings = {
				BUNDLE_LOADER = "$(TEST_HOST)";
				INFOPLIST_FILE = MemeCreatorTests/Info.plist;
				LD_RUNPATH_SEARCH_PATHS = "$(inherited) @executable_path/Frameworks @loader_path/Frameworks";
				PRODUCT_BUNDLE_IDENTIFIER = com.tkcode.MemeCreatorTests;
				PRODUCT_NAME = "$(TARGET_NAME)";
				TEST_HOST = "$(BUILT_PRODUCTS_DIR)/MemeCreator.app/MemeCreator";
			};
			name = Debug;
		};
		A7505E231D7456DA006B76B5 /* Release */ = {
			isa = XCBuildConfiguration;
			buildSettings = {
				BUNDLE_LOADER = "$(TEST_HOST)";
				INFOPLIST_FILE = MemeCreatorTests/Info.plist;
				LD_RUNPATH_SEARCH_PATHS = "$(inherited) @executable_path/Frameworks @loader_path/Frameworks";
				PRODUCT_BUNDLE_IDENTIFIER = com.tkcode.MemeCreatorTests;
				PRODUCT_NAME = "$(TARGET_NAME)";
				TEST_HOST = "$(BUILT_PRODUCTS_DIR)/MemeCreator.app/MemeCreator";
			};
			name = Release;
		};
		A7505E251D7456DA006B76B5 /* Debug */ = {
			isa = XCBuildConfiguration;
			buildSettings = {
				INFOPLIST_FILE = MemeCreatorUITests/Info.plist;
				LD_RUNPATH_SEARCH_PATHS = "$(inherited) @executable_path/Frameworks @loader_path/Frameworks";
				PRODUCT_BUNDLE_IDENTIFIER = com.tkcode.MemeCreatorUITests;
				PRODUCT_NAME = "$(TARGET_NAME)";
				TEST_TARGET_NAME = MemeCreator;
			};
			name = Debug;
		};
		A7505E261D7456DA006B76B5 /* Release */ = {
			isa = XCBuildConfiguration;
			buildSettings = {
				INFOPLIST_FILE = MemeCreatorUITests/Info.plist;
				LD_RUNPATH_SEARCH_PATHS = "$(inherited) @executable_path/Frameworks @loader_path/Frameworks";
				PRODUCT_BUNDLE_IDENTIFIER = com.tkcode.MemeCreatorUITests;
				PRODUCT_NAME = "$(TARGET_NAME)";
				TEST_TARGET_NAME = MemeCreator;
			};
			name = Release;
		};
/* End XCBuildConfiguration section */

/* Begin XCConfigurationList section */
		A7505DF11D7456DA006B76B5 /* Build configuration list for PBXProject "MemeCreator" */ = {
			isa = XCConfigurationList;
			buildConfigurations = (
				A7505E1C1D7456DA006B76B5 /* Debug */,
				A7505E1D1D7456DA006B76B5 /* Release */,
			);
			defaultConfigurationIsVisible = 0;
			defaultConfigurationName = Release;
		};
		A7505E1E1D7456DA006B76B5 /* Build configuration list for PBXNativeTarget "MemeCreator" */ = {
			isa = XCConfigurationList;
			buildConfigurations = (
				A7505E1F1D7456DA006B76B5 /* Debug */,
				A7505E201D7456DA006B76B5 /* Release */,
			);
			defaultConfigurationIsVisible = 0;
		};
		A7505E211D7456DA006B76B5 /* Build configuration list for PBXNativeTarget "MemeCreatorTests" */ = {
			isa = XCConfigurationList;
			buildConfigurations = (
				A7505E221D7456DA006B76B5 /* Debug */,
				A7505E231D7456DA006B76B5 /* Release */,
			);
			defaultConfigurationIsVisible = 0;
		};
		A7505E241D7456DA006B76B5 /* Build configuration list for PBXNativeTarget "MemeCreatorUITests" */ = {
			isa = XCConfigurationList;
			buildConfigurations = (
				A7505E251D7456DA006B76B5 /* Debug */,
				A7505E261D7456DA006B76B5 /* Release */,
			);
			defaultConfigurationIsVisible = 0;
		};
/* End XCConfigurationList section */
	};
	rootObject = A7505DEE1D7456DA006B76B5 /* Project object */;
}
