// !$*UTF8*$!
{
	archiveVersion = 1;
	classes = {
	};
	objectVersion = 46;
	objects = {

/* Begin PBXBuildFile section */
		A7E31FD21D29E6240054EF8F /* AppDelegate.swift in Sources */ = {isa = PBXBuildFile; fileRef = A7E31FD11D29E6240054EF8F /* AppDelegate.swift */; };
		A7E31FD41D29E6240054EF8F /* ViewController.swift in Sources */ = {isa = PBXBuildFile; fileRef = A7E31FD31D29E6240054EF8F /* ViewController.swift */; };
		A7E31FD71D29E6240054EF8F /* Main.storyboard in Resources */ = {isa = PBXBuildFile; fileRef = A7E31FD51D29E6240054EF8F /* Main.storyboard */; };
		A7E31FD91D29E6240054EF8F /* Assets.xcassets in Resources */ = {isa = PBXBuildFile; fileRef = A7E31FD81D29E6240054EF8F /* Assets.xcassets */; };
		A7E31FDC1D29E6240054EF8F /* LaunchScreen.storyboard in Resources */ = {isa = PBXBuildFile; fileRef = A7E31FDA1D29E6240054EF8F /* LaunchScreen.storyboard */; };
		A7E31FE71D29E6240054EF8F /* firtsProductTests.swift in Sources */ = {isa = PBXBuildFile; fileRef = A7E31FE61D29E6240054EF8F /* firtsProductTests.swift */; };
		A7E31FF21D29E6240054EF8F /* firtsProductUITests.swift in Sources */ = {isa = PBXBuildFile; fileRef = A7E31FF11D29E6240054EF8F /* firtsProductUITests.swift */; };
/* End PBXBuildFile section */

/* Begin PBXContainerItemProxy section */
		A7E31FE31D29E6240054EF8F /* PBXContainerItemProxy */ = {
			isa = PBXContainerItemProxy;
			containerPortal = A7E31FC61D29E6240054EF8F /* Project object */;
			proxyType = 1;
			remoteGlobalIDString = A7E31FCD1D29E6240054EF8F;
			remoteInfo = firtsProduct;
		};
		A7E31FEE1D29E6240054EF8F /* PBXContainerItemProxy */ = {
			isa = PBXContainerItemProxy;
			containerPortal = A7E31FC61D29E6240054EF8F /* Project object */;
			proxyType = 1;
			remoteGlobalIDString = A7E31FCD1D29E6240054EF8F;
			remoteInfo = firtsProduct;
		};
/* End PBXContainerItemProxy section */

/* Begin PBXFileReference section */
		A7E31FCE1D29E6240054EF8F /* firtsProduct.app */ = {isa = PBXFileReference; explicitFileType = wrapper.application; includeInIndex = 0; path = firtsProduct.app; sourceTree = BUILT_PRODUCTS_DIR; };
		A7E31FD11D29E6240054EF8F /* AppDelegate.swift */ = {isa = PBXFileReference; lastKnownFileType = sourcecode.swift; path = AppDelegate.swift; sourceTree = "<group>"; };
		A7E31FD31D29E6240054EF8F /* ViewController.swift */ = {isa = PBXFileReference; lastKnownFileType = sourcecode.swift; path = ViewController.swift; sourceTree = "<group>"; };
		A7E31FD61D29E6240054EF8F /* Base */ = {isa = PBXFileReference; lastKnownFileType = file.storyboard; name = Base; path = Base.lproj/Main.storyboard; sourceTree = "<group>"; };
		A7E31FD81D29E6240054EF8F /* Assets.xcassets */ = {isa = PBXFileReference; lastKnownFileType = folder.assetcatalog; path = Assets.xcassets; sourceTree = "<group>"; };
		A7E31FDB1D29E6240054EF8F /* Base */ = {isa = PBXFileReference; lastKnownFileType = file.storyboard; name = Base; path = Base.lproj/LaunchScreen.storyboard; sourceTree = "<group>"; };
		A7E31FDD1D29E6240054EF8F /* Info.plist */ = {isa = PBXFileReference; lastKnownFileType = text.plist.xml; path = Info.plist; sourceTree = "<group>"; };
		A7E31FE21D29E6240054EF8F /* firtsProductTests.xctest */ = {isa = PBXFileReference; explicitFileType = wrapper.cfbundle; includeInIndex = 0; path = firtsProductTests.xctest; sourceTree = BUILT_PRODUCTS_DIR; };
		A7E31FE61D29E6240054EF8F /* firtsProductTests.swift */ = {isa = PBXFileReference; lastKnownFileType = sourcecode.swift; path = firtsProductTests.swift; sourceTree = "<group>"; };
		A7E31FE81D29E6240054EF8F /* Info.plist */ = {isa = PBXFileReference; lastKnownFileType = text.plist.xml; path = Info.plist; sourceTree = "<group>"; };
		A7E31FED1D29E6240054EF8F /* firtsProductUITests.xctest */ = {isa = PBXFileReference; explicitFileType = wrapper.cfbundle; includeInIndex = 0; path = firtsProductUITests.xctest; sourceTree = BUILT_PRODUCTS_DIR; };
		A7E31FF11D29E6240054EF8F /* firtsProductUITests.swift */ = {isa = PBXFileReference; lastKnownFileType = sourcecode.swift; path = firtsProductUITests.swift; sourceTree = "<group>"; };
		A7E31FF31D29E6240054EF8F /* Info.plist */ = {isa = PBXFileReference; lastKnownFileType = text.plist.xml; path = Info.plist; sourceTree = "<group>"; };
/* End PBXFileReference section */

/* Begin PBXFrameworksBuildPhase section */
		A7E31FCB1D29E6240054EF8F /* Frameworks */ = {
			isa = PBXFrameworksBuildPhase;
			buildActionMask = 2147483647;
			files = (
			);
			runOnlyForDeploymentPostprocessing = 0;
		};
		A7E31FDF1D29E6240054EF8F /* Frameworks */ = {
			isa = PBXFrameworksBuildPhase;
			buildActionMask = 2147483647;
			files = (
			);
			runOnlyForDeploymentPostprocessing = 0;
		};
		A7E31FEA1D29E6240054EF8F /* Frameworks */ = {
			isa = PBXFrameworksBuildPhase;
			buildActionMask = 2147483647;
			files = (
			);
			runOnlyForDeploymentPostprocessing = 0;
		};
/* End PBXFrameworksBuildPhase section */

/* Begin PBXGroup section */
		A7E31FC51D29E6240054EF8F = {
			isa = PBXGroup;
			children = (
				A7E31FD01D29E6240054EF8F /* firtsProduct */,
				A7E31FE51D29E6240054EF8F /* firtsProductTests */,
				A7E31FF01D29E6240054EF8F /* firtsProductUITests */,
				A7E31FCF1D29E6240054EF8F /* Products */,
			);
			sourceTree = "<group>";
		};
		A7E31FCF1D29E6240054EF8F /* Products */ = {
			isa = PBXGroup;
			children = (
				A7E31FCE1D29E6240054EF8F /* firtsProduct.app */,
				A7E31FE21D29E6240054EF8F /* firtsProductTests.xctest */,
				A7E31FED1D29E6240054EF8F /* firtsProductUITests.xctest */,
			);
			name = Products;
			sourceTree = "<group>";
		};
		A7E31FD01D29E6240054EF8F /* firtsProduct */ = {
			isa = PBXGroup;
			children = (
				A7E31FD11D29E6240054EF8F /* AppDelegate.swift */,
				A7E31FD31D29E6240054EF8F /* ViewController.swift */,
				A7E31FD51D29E6240054EF8F /* Main.storyboard */,
				A7E31FD81D29E6240054EF8F /* Assets.xcassets */,
				A7E31FDA1D29E6240054EF8F /* LaunchScreen.storyboard */,
				A7E31FDD1D29E6240054EF8F /* Info.plist */,
			);
			path = firtsProduct;
			sourceTree = "<group>";
		};
		A7E31FE51D29E6240054EF8F /* firtsProductTests */ = {
			isa = PBXGroup;
			children = (
				A7E31FE61D29E6240054EF8F /* firtsProductTests.swift */,
				A7E31FE81D29E6240054EF8F /* Info.plist */,
			);
			path = firtsProductTests;
			sourceTree = "<group>";
		};
		A7E31FF01D29E6240054EF8F /* firtsProductUITests */ = {
			isa = PBXGroup;
			children = (
				A7E31FF11D29E6240054EF8F /* firtsProductUITests.swift */,
				A7E31FF31D29E6240054EF8F /* Info.plist */,
			);
			path = firtsProductUITests;
			sourceTree = "<group>";
		};
/* End PBXGroup section */

/* Begin PBXNativeTarget section */
		A7E31FCD1D29E6240054EF8F /* firtsProduct */ = {
			isa = PBXNativeTarget;
			buildConfigurationList = A7E31FF61D29E6240054EF8F /* Build configuration list for PBXNativeTarget "firtsProduct" */;
			buildPhases = (
				A7E31FCA1D29E6240054EF8F /* Sources */,
				A7E31FCB1D29E6240054EF8F /* Frameworks */,
				A7E31FCC1D29E6240054EF8F /* Resources */,
			);
			buildRules = (
			);
			dependencies = (
			);
			name = firtsProduct;
			productName = firtsProduct;
			productReference = A7E31FCE1D29E6240054EF8F /* firtsProduct.app */;
			productType = "com.apple.product-type.application";
		};
		A7E31FE11D29E6240054EF8F /* firtsProductTests */ = {
			isa = PBXNativeTarget;
			buildConfigurationList = A7E31FF91D29E6240054EF8F /* Build configuration list for PBXNativeTarget "firtsProductTests" */;
			buildPhases = (
				A7E31FDE1D29E6240054EF8F /* Sources */,
				A7E31FDF1D29E6240054EF8F /* Frameworks */,
				A7E31FE01D29E6240054EF8F /* Resources */,
			);
			buildRules = (
			);
			dependencies = (
				A7E31FE41D29E6240054EF8F /* PBXTargetDependency */,
			);
			name = firtsProductTests;
			productName = firtsProductTests;
			productReference = A7E31FE21D29E6240054EF8F /* firtsProductTests.xctest */;
			productType = "com.apple.product-type.bundle.unit-test";
		};
		A7E31FEC1D29E6240054EF8F /* firtsProductUITests */ = {
			isa = PBXNativeTarget;
			buildConfigurationList = A7E31FFC1D29E6240054EF8F /* Build configuration list for PBXNativeTarget "firtsProductUITests" */;
			buildPhases = (
				A7E31FE91D29E6240054EF8F /* Sources */,
				A7E31FEA1D29E6240054EF8F /* Frameworks */,
				A7E31FEB1D29E6240054EF8F /* Resources */,
			);
			buildRules = (
			);
			dependencies = (
				A7E31FEF1D29E6240054EF8F /* PBXTargetDependency */,
			);
			name = firtsProductUITests;
			productName = firtsProductUITests;
			productReference = A7E31FED1D29E6240054EF8F /* firtsProductUITests.xctest */;
			productType = "com.apple.product-type.bundle.ui-testing";
		};
/* End PBXNativeTarget section */

/* Begin PBXProject section */
		A7E31FC61D29E6240054EF8F /* Project object */ = {
			isa = PBXProject;
			attributes = {
				LastSwiftUpdateCheck = 0730;
				LastUpgradeCheck = 0730;
				ORGANIZATIONNAME = "vagner cazarotto";
				TargetAttributes = {
					A7E31FCD1D29E6240054EF8F = {
						CreatedOnToolsVersion = 7.3.1;
					};
					A7E31FE11D29E6240054EF8F = {
						CreatedOnToolsVersion = 7.3.1;
						TestTargetID = A7E31FCD1D29E6240054EF8F;
					};
					A7E31FEC1D29E6240054EF8F = {
						CreatedOnToolsVersion = 7.3.1;
						TestTargetID = A7E31FCD1D29E6240054EF8F;
					};
				};
			};
			buildConfigurationList = A7E31FC91D29E6240054EF8F /* Build configuration list for PBXProject "firtsProduct" */;
			compatibilityVersion = "Xcode 3.2";
			developmentRegion = English;
			hasScannedForEncodings = 0;
			knownRegions = (
				en,
				Base,
			);
			mainGroup = A7E31FC51D29E6240054EF8F;
			productRefGroup = A7E31FCF1D29E6240054EF8F /* Products */;
			projectDirPath = "";
			projectRoot = "";
			targets = (
				A7E31FCD1D29E6240054EF8F /* firtsProduct */,
				A7E31FE11D29E6240054EF8F /* firtsProductTests */,
				A7E31FEC1D29E6240054EF8F /* firtsProductUITests */,
			);
		};
/* End PBXProject section */

/* Begin PBXResourcesBuildPhase section */
		A7E31FCC1D29E6240054EF8F /* Resources */ = {
			isa = PBXResourcesBuildPhase;
			buildActionMask = 2147483647;
			files = (
				A7E31FDC1D29E6240054EF8F /* LaunchScreen.storyboard in Resources */,
				A7E31FD91D29E6240054EF8F /* Assets.xcassets in Resources */,
				A7E31FD71D29E6240054EF8F /* Main.storyboard in Resources */,
			);
			runOnlyForDeploymentPostprocessing = 0;
		};
		A7E31FE01D29E6240054EF8F /* Resources */ = {
			isa = PBXResourcesBuildPhase;
			buildActionMask = 2147483647;
			files = (
			);
			runOnlyForDeploymentPostprocessing = 0;
		};
		A7E31FEB1D29E6240054EF8F /* Resources */ = {
			isa = PBXResourcesBuildPhase;
			buildActionMask = 2147483647;
			files = (
			);
			runOnlyForDeploymentPostprocessing = 0;
		};
/* End PBXResourcesBuildPhase section */

/* Begin PBXSourcesBuildPhase section */
		A7E31FCA1D29E6240054EF8F /* Sources */ = {
			isa = PBXSourcesBuildPhase;
			buildActionMask = 2147483647;
			files = (
				A7E31FD41D29E6240054EF8F /* ViewController.swift in Sources */,
				A7E31FD21D29E6240054EF8F /* AppDelegate.swift in Sources */,
			);
			runOnlyForDeploymentPostprocessing = 0;
		};
		A7E31FDE1D29E6240054EF8F /* Sources */ = {
			isa = PBXSourcesBuildPhase;
			buildActionMask = 2147483647;
			files = (
				A7E31FE71D29E6240054EF8F /* firtsProductTests.swift in Sources */,
			);
			runOnlyForDeploymentPostprocessing = 0;
		};
		A7E31FE91D29E6240054EF8F /* Sources */ = {
			isa = PBXSourcesBuildPhase;
			buildActionMask = 2147483647;
			files = (
				A7E31FF21D29E6240054EF8F /* firtsProductUITests.swift in Sources */,
			);
			runOnlyForDeploymentPostprocessing = 0;
		};
/* End PBXSourcesBuildPhase section */

/* Begin PBXTargetDependency section */
		A7E31FE41D29E6240054EF8F /* PBXTargetDependency */ = {
			isa = PBXTargetDependency;
			target = A7E31FCD1D29E6240054EF8F /* firtsProduct */;
			targetProxy = A7E31FE31D29E6240054EF8F /* PBXContainerItemProxy */;
		};
		A7E31FEF1D29E6240054EF8F /* PBXTargetDependency */ = {
			isa = PBXTargetDependency;
			target = A7E31FCD1D29E6240054EF8F /* firtsProduct */;
			targetProxy = A7E31FEE1D29E6240054EF8F /* PBXContainerItemProxy */;
		};
/* End PBXTargetDependency section */

/* Begin PBXVariantGroup section */
		A7E31FD51D29E6240054EF8F /* Main.storyboard */ = {
			isa = PBXVariantGroup;
			children = (
				A7E31FD61D29E6240054EF8F /* Base */,
			);
			name = Main.storyboard;
			sourceTree = "<group>";
		};
		A7E31FDA1D29E6240054EF8F /* LaunchScreen.storyboard */ = {
			isa = PBXVariantGroup;
			children = (
				A7E31FDB1D29E6240054EF8F /* Base */,
			);
			name = LaunchScreen.storyboard;
			sourceTree = "<group>";
		};
/* End PBXVariantGroup section */

/* Begin XCBuildConfiguration section */
		A7E31FF41D29E6240054EF8F /* Debug */ = {
			isa = XCBuildConfiguration;
			buildSettings = {
				ALWAYS_SEARCH_USER_PATHS = NO;
				CLANG_ANALYZER_NONNULL = YES;
				CLANG_CXX_LANGUAGE_STANDARD = "gnu++0x";
				CLANG_CXX_LIBRARY = "libc++";
				CLANG_ENABLE_MODULES = YES;
				CLANG_ENABLE_OBJC_ARC = YES;
				CLANG_WARN_BOOL_CONVERSION = YES;
				CLANG_WARN_CONSTANT_CONVERSION = YES;
				CLANG_WARN_DIRECT_OBJC_ISA_USAGE = YES_ERROR;
				CLANG_WARN_EMPTY_BODY = YES;
				CLANG_WARN_ENUM_CONVERSION = YES;
				CLANG_WARN_INT_CONVERSION = YES;
				CLANG_WARN_OBJC_ROOT_CLASS = YES_ERROR;
				CLANG_WARN_UNREACHABLE_CODE = YES;
				CLANG_WARN__DUPLICATE_METHOD_MATCH = YES;
				"CODE_SIGN_IDENTITY[sdk=iphoneos*]" = "iPhone Developer";
				COPY_PHASE_STRIP = NO;
				DEBUG_INFORMATION_FORMAT = dwarf;
				ENABLE_STRICT_OBJC_MSGSEND = YES;
				ENABLE_TESTABILITY = YES;
				GCC_C_LANGUAGE_STANDARD = gnu99;
				GCC_DYNAMIC_NO_PIC = NO;
				GCC_NO_COMMON_BLOCKS = YES;
				GCC_OPTIMIZATION_LEVEL = 0;
				GCC_PREPROCESSOR_DEFINITIONS = (
					"DEBUG=1",
					"$(inherited)",
				);
				GCC_WARN_64_TO_32_BIT_CONVERSION = YES;
				GCC_WARN_ABOUT_RETURN_TYPE = YES_ERROR;
				GCC_WARN_UNDECLARED_SELECTOR = YES;
				GCC_WARN_UNINITIALIZED_AUTOS = YES_AGGRESSIVE;
				GCC_WARN_UNUSED_FUNCTION = YES;
				GCC_WARN_UNUSED_VARIABLE = YES;
				IPHONEOS_DEPLOYMENT_TARGET = 9.3;
				MTL_ENABLE_DEBUG_INFO = YES;
				ONLY_ACTIVE_ARCH = YES;
				SDKROOT = iphoneos;
				SWIFT_OPTIMIZATION_LEVEL = "-Onone";
				TARGETED_DEVICE_FAMILY = "1,2";
			};
			name = Debug;
		};
		A7E31FF51D29E6240054EF8F /* Release */ = {
			isa = XCBuildConfiguration;
			buildSettings = {
				ALWAYS_SEARCH_USER_PATHS = NO;
				CLANG_ANALYZER_NONNULL = YES;
				CLANG_CXX_LANGUAGE_STANDARD = "gnu++0x";
				CLANG_CXX_LIBRARY = "libc++";
				CLANG_ENABLE_MODULES = YES;
				CLANG_ENABLE_OBJC_ARC = YES;
				CLANG_WARN_BOOL_CONVERSION = YES;
				CLANG_WARN_CONSTANT_CONVERSION = YES;
				CLANG_WARN_DIRECT_OBJC_ISA_USAGE = YES_ERROR;
				CLANG_WARN_EMPTY_BODY = YES;
				CLANG_WARN_ENUM_CONVERSION = YES;
				CLANG_WARN_INT_CONVERSION = YES;
				CLANG_WARN_OBJC_ROOT_CLASS = YES_ERROR;
				CLANG_WARN_UNREACHABLE_CODE = YES;
				CLANG_WARN__DUPLICATE_METHOD_MATCH = YES;
				"CODE_SIGN_IDENTITY[sdk=iphoneos*]" = "iPhone Developer";
				COPY_PHASE_STRIP = NO;
				DEBUG_INFORMATION_FORMAT = "dwarf-with-dsym";
				ENABLE_NS_ASSERTIONS = NO;
				ENABLE_STRICT_OBJC_MSGSEND = YES;
				GCC_C_LANGUAGE_STANDARD = gnu99;
				GCC_NO_COMMON_BLOCKS = YES;
				GCC_WARN_64_TO_32_BIT_CONVERSION = YES;
				GCC_WARN_ABOUT_RETURN_TYPE = YES_ERROR;
				GCC_WARN_UNDECLARED_SELECTOR = YES;
				GCC_WARN_UNINITIALIZED_AUTOS = YES_AGGRESSIVE;
				GCC_WARN_UNUSED_FUNCTION = YES;
				GCC_WARN_UNUSED_VARIABLE = YES;
				IPHONEOS_DEPLOYMENT_TARGET = 9.3;
				MTL_ENABLE_DEBUG_INFO = NO;
				SDKROOT = iphoneos;
				TARGETED_DEVICE_FAMILY = "1,2";
				VALIDATE_PRODUCT = YES;
			};
			name = Release;
		};
		A7E31FF71D29E6240054EF8F /* Debug */ = {
			isa = XCBuildConfiguration;
			buildSettings = {
				ASSETCATALOG_COMPILER_APPICON_NAME = AppIcon;
				INFOPLIST_FILE = firtsProduct/Info.plist;
				LD_RUNPATH_SEARCH_PATHS = "$(inherited) @executable_path/Frameworks";
				PRODUCT_BUNDLE_IDENTIFIER = Tkcode.com.firtsProduct;
				PRODUCT_NAME = "$(TARGET_NAME)";
			};
			name = Debug;
		};
		A7E31FF81D29E6240054EF8F /* Release */ = {
			isa = XCBuildConfiguration;
			buildSettings = {
				ASSETCATALOG_COMPILER_APPICON_NAME = AppIcon;
				INFOPLIST_FILE = firtsProduct/Info.plist;
				LD_RUNPATH_SEARCH_PATHS = "$(inherited) @executable_path/Frameworks";
				PRODUCT_BUNDLE_IDENTIFIER = Tkcode.com.firtsProduct;
				PRODUCT_NAME = "$(TARGET_NAME)";
			};
			name = Release;
		};
		A7E31FFA1D29E6240054EF8F /* Debug */ = {
			isa = XCBuildConfiguration;
			buildSettings = {
				BUNDLE_LOADER = "$(TEST_HOST)";
				INFOPLIST_FILE = firtsProductTests/Info.plist;
				LD_RUNPATH_SEARCH_PATHS = "$(inherited) @executable_path/Frameworks @loader_path/Frameworks";
				PRODUCT_BUNDLE_IDENTIFIER = Tkcode.com.firtsProductTests;
				PRODUCT_NAME = "$(TARGET_NAME)";
				TEST_HOST = "$(BUILT_PRODUCTS_DIR)/firtsProduct.app/firtsProduct";
			};
			name = Debug;
		};
		A7E31FFB1D29E6240054EF8F /* Release */ = {
			isa = XCBuildConfiguration;
			buildSettings = {
				BUNDLE_LOADER = "$(TEST_HOST)";
				INFOPLIST_FILE = firtsProductTests/Info.plist;
				LD_RUNPATH_SEARCH_PATHS = "$(inherited) @executable_path/Frameworks @loader_path/Frameworks";
				PRODUCT_BUNDLE_IDENTIFIER = Tkcode.com.firtsProductTests;
				PRODUCT_NAME = "$(TARGET_NAME)";
				TEST_HOST = "$(BUILT_PRODUCTS_DIR)/firtsProduct.app/firtsProduct";
			};
			name = Release;
		};
		A7E31FFD1D29E6240054EF8F /* Debug */ = {
			isa = XCBuildConfiguration;
			buildSettings = {
				INFOPLIST_FILE = firtsProductUITests/Info.plist;
				LD_RUNPATH_SEARCH_PATHS = "$(inherited) @executable_path/Frameworks @loader_path/Frameworks";
				PRODUCT_BUNDLE_IDENTIFIER = Tkcode.com.firtsProductUITests;
				PRODUCT_NAME = "$(TARGET_NAME)";
				TEST_TARGET_NAME = firtsProduct;
			};
			name = Debug;
		};
		A7E31FFE1D29E6240054EF8F /* Release */ = {
			isa = XCBuildConfiguration;
			buildSettings = {
				INFOPLIST_FILE = firtsProductUITests/Info.plist;
				LD_RUNPATH_SEARCH_PATHS = "$(inherited) @executable_path/Frameworks @loader_path/Frameworks";
				PRODUCT_BUNDLE_IDENTIFIER = Tkcode.com.firtsProductUITests;
				PRODUCT_NAME = "$(TARGET_NAME)";
				TEST_TARGET_NAME = firtsProduct;
			};
			name = Release;
		};
/* End XCBuildConfiguration section */

/* Begin XCConfigurationList section */
		A7E31FC91D29E6240054EF8F /* Build configuration list for PBXProject "firtsProduct" */ = {
			isa = XCConfigurationList;
			buildConfigurations = (
				A7E31FF41D29E6240054EF8F /* Debug */,
				A7E31FF51D29E6240054EF8F /* Release */,
			);
			defaultConfigurationIsVisible = 0;
			defaultConfigurationName = Release;
		};
		A7E31FF61D29E6240054EF8F /* Build configuration list for PBXNativeTarget "firtsProduct" */ = {
			isa = XCConfigurationList;
			buildConfigurations = (
				A7E31FF71D29E6240054EF8F /* Debug */,
				A7E31FF81D29E6240054EF8F /* Release */,
			);
			defaultConfigurationIsVisible = 0;
		};
		A7E31FF91D29E6240054EF8F /* Build configuration list for PBXNativeTarget "firtsProductTests" */ = {
			isa = XCConfigurationList;
			buildConfigurations = (
				A7E31FFA1D29E6240054EF8F /* Debug */,
				A7E31FFB1D29E6240054EF8F /* Release */,
			);
			defaultConfigurationIsVisible = 0;
		};
		A7E31FFC1D29E6240054EF8F /* Build configuration list for PBXNativeTarget "firtsProductUITests" */ = {
			isa = XCConfigurationList;
			buildConfigurations = (
				A7E31FFD1D29E6240054EF8F /* Debug */,
				A7E31FFE1D29E6240054EF8F /* Release */,
			);
			defaultConfigurationIsVisible = 0;
		};
/* End XCConfigurationList section */
	};
	rootObject = A7E31FC61D29E6240054EF8F /* Project object */;
}
