// !$*UTF8*$!
{
	archiveVersion = 1;
	classes = {
	};
	objectVersion = 46;
	objects = {

/* Begin PBXBuildFile section */
		A758BCE21D2C7341006DBB9D /* AppDelegate.swift in Sources */ = {isa = PBXBuildFile; fileRef = A758BCE11D2C7341006DBB9D /* AppDelegate.swift */; };
		A758BCE41D2C7341006DBB9D /* ViewController.swift in Sources */ = {isa = PBXBuildFile; fileRef = A758BCE31D2C7341006DBB9D /* ViewController.swift */; };
		A758BCE71D2C7341006DBB9D /* Main.storyboard in Resources */ = {isa = PBXBuildFile; fileRef = A758BCE51D2C7341006DBB9D /* Main.storyboard */; };
		A758BCE91D2C7341006DBB9D /* Assets.xcassets in Resources */ = {isa = PBXBuildFile; fileRef = A758BCE81D2C7341006DBB9D /* Assets.xcassets */; };
		A758BCEC1D2C7341006DBB9D /* LaunchScreen.storyboard in Resources */ = {isa = PBXBuildFile; fileRef = A758BCEA1D2C7341006DBB9D /* LaunchScreen.storyboard */; };
		A758BCF71D2C7341006DBB9D /* PitchPerfectTests.swift in Sources */ = {isa = PBXBuildFile; fileRef = A758BCF61D2C7341006DBB9D /* PitchPerfectTests.swift */; };
		A758BD021D2C7341006DBB9D /* PitchPerfectUITests.swift in Sources */ = {isa = PBXBuildFile; fileRef = A758BD011D2C7341006DBB9D /* PitchPerfectUITests.swift */; };
/* End PBXBuildFile section */

/* Begin PBXContainerItemProxy section */
		A758BCF31D2C7341006DBB9D /* PBXContainerItemProxy */ = {
			isa = PBXContainerItemProxy;
			containerPortal = A758BCD61D2C7341006DBB9D /* Project object */;
			proxyType = 1;
			remoteGlobalIDString = A758BCDD1D2C7341006DBB9D;
			remoteInfo = PitchPerfect;
		};
		A758BCFE1D2C7341006DBB9D /* PBXContainerItemProxy */ = {
			isa = PBXContainerItemProxy;
			containerPortal = A758BCD61D2C7341006DBB9D /* Project object */;
			proxyType = 1;
			remoteGlobalIDString = A758BCDD1D2C7341006DBB9D;
			remoteInfo = PitchPerfect;
		};
/* End PBXContainerItemProxy section */

/* Begin PBXFileReference section */
		A758BCDE1D2C7341006DBB9D /* PitchPerfect.app */ = {isa = PBXFileReference; explicitFileType = wrapper.application; includeInIndex = 0; path = PitchPerfect.app; sourceTree = BUILT_PRODUCTS_DIR; };
		A758BCE11D2C7341006DBB9D /* AppDelegate.swift */ = {isa = PBXFileReference; lastKnownFileType = sourcecode.swift; path = AppDelegate.swift; sourceTree = "<group>"; };
		A758BCE31D2C7341006DBB9D /* ViewController.swift */ = {isa = PBXFileReference; lastKnownFileType = sourcecode.swift; path = ViewController.swift; sourceTree = "<group>"; };
		A758BCE61D2C7341006DBB9D /* Base */ = {isa = PBXFileReference; lastKnownFileType = file.storyboard; name = Base; path = Base.lproj/Main.storyboard; sourceTree = "<group>"; };
		A758BCE81D2C7341006DBB9D /* Assets.xcassets */ = {isa = PBXFileReference; lastKnownFileType = folder.assetcatalog; path = Assets.xcassets; sourceTree = "<group>"; };
		A758BCEB1D2C7341006DBB9D /* Base */ = {isa = PBXFileReference; lastKnownFileType = file.storyboard; name = Base; path = Base.lproj/LaunchScreen.storyboard; sourceTree = "<group>"; };
		A758BCED1D2C7341006DBB9D /* Info.plist */ = {isa = PBXFileReference; lastKnownFileType = text.plist.xml; path = Info.plist; sourceTree = "<group>"; };
		A758BCF21D2C7341006DBB9D /* PitchPerfectTests.xctest */ = {isa = PBXFileReference; explicitFileType = wrapper.cfbundle; includeInIndex = 0; path = PitchPerfectTests.xctest; sourceTree = BUILT_PRODUCTS_DIR; };
		A758BCF61D2C7341006DBB9D /* PitchPerfectTests.swift */ = {isa = PBXFileReference; lastKnownFileType = sourcecode.swift; path = PitchPerfectTests.swift; sourceTree = "<group>"; };
		A758BCF81D2C7341006DBB9D /* Info.plist */ = {isa = PBXFileReference; lastKnownFileType = text.plist.xml; path = Info.plist; sourceTree = "<group>"; };
		A758BCFD1D2C7341006DBB9D /* PitchPerfectUITests.xctest */ = {isa = PBXFileReference; explicitFileType = wrapper.cfbundle; includeInIndex = 0; path = PitchPerfectUITests.xctest; sourceTree = BUILT_PRODUCTS_DIR; };
		A758BD011D2C7341006DBB9D /* PitchPerfectUITests.swift */ = {isa = PBXFileReference; lastKnownFileType = sourcecode.swift; path = PitchPerfectUITests.swift; sourceTree = "<group>"; };
		A758BD031D2C7341006DBB9D /* Info.plist */ = {isa = PBXFileReference; lastKnownFileType = text.plist.xml; path = Info.plist; sourceTree = "<group>"; };
/* End PBXFileReference section */

/* Begin PBXFrameworksBuildPhase section */
		A758BCDB1D2C7341006DBB9D /* Frameworks */ = {
			isa = PBXFrameworksBuildPhase;
			buildActionMask = 2147483647;
			files = (
			);
			runOnlyForDeploymentPostprocessing = 0;
		};
		A758BCEF1D2C7341006DBB9D /* Frameworks */ = {
			isa = PBXFrameworksBuildPhase;
			buildActionMask = 2147483647;
			files = (
			);
			runOnlyForDeploymentPostprocessing = 0;
		};
		A758BCFA1D2C7341006DBB9D /* Frameworks */ = {
			isa = PBXFrameworksBuildPhase;
			buildActionMask = 2147483647;
			files = (
			);
			runOnlyForDeploymentPostprocessing = 0;
		};
/* End PBXFrameworksBuildPhase section */

/* Begin PBXGroup section */
		A758BCD51D2C7341006DBB9D = {
			isa = PBXGroup;
			children = (
				A758BCE01D2C7341006DBB9D /* PitchPerfect */,
				A758BCF51D2C7341006DBB9D /* PitchPerfectTests */,
				A758BD001D2C7341006DBB9D /* PitchPerfectUITests */,
				A758BCDF1D2C7341006DBB9D /* Products */,
			);
			sourceTree = "<group>";
		};
		A758BCDF1D2C7341006DBB9D /* Products */ = {
			isa = PBXGroup;
			children = (
				A758BCDE1D2C7341006DBB9D /* PitchPerfect.app */,
				A758BCF21D2C7341006DBB9D /* PitchPerfectTests.xctest */,
				A758BCFD1D2C7341006DBB9D /* PitchPerfectUITests.xctest */,
			);
			name = Products;
			sourceTree = "<group>";
		};
		A758BCE01D2C7341006DBB9D /* PitchPerfect */ = {
			isa = PBXGroup;
			children = (
				A758BCE11D2C7341006DBB9D /* AppDelegate.swift */,
				A758BCE31D2C7341006DBB9D /* ViewController.swift */,
				A758BCE51D2C7341006DBB9D /* Main.storyboard */,
				A758BCE81D2C7341006DBB9D /* Assets.xcassets */,
				A758BCEA1D2C7341006DBB9D /* LaunchScreen.storyboard */,
				A758BCED1D2C7341006DBB9D /* Info.plist */,
			);
			path = PitchPerfect;
			sourceTree = "<group>";
		};
		A758BCF51D2C7341006DBB9D /* PitchPerfectTests */ = {
			isa = PBXGroup;
			children = (
				A758BCF61D2C7341006DBB9D /* PitchPerfectTests.swift */,
				A758BCF81D2C7341006DBB9D /* Info.plist */,
			);
			path = PitchPerfectTests;
			sourceTree = "<group>";
		};
		A758BD001D2C7341006DBB9D /* PitchPerfectUITests */ = {
			isa = PBXGroup;
			children = (
				A758BD011D2C7341006DBB9D /* PitchPerfectUITests.swift */,
				A758BD031D2C7341006DBB9D /* Info.plist */,
			);
			path = PitchPerfectUITests;
			sourceTree = "<group>";
		};
/* End PBXGroup section */

/* Begin PBXNativeTarget section */
		A758BCDD1D2C7341006DBB9D /* PitchPerfect */ = {
			isa = PBXNativeTarget;
			buildConfigurationList = A758BD061D2C7341006DBB9D /* Build configuration list for PBXNativeTarget "PitchPerfect" */;
			buildPhases = (
				A758BCDA1D2C7341006DBB9D /* Sources */,
				A758BCDB1D2C7341006DBB9D /* Frameworks */,
				A758BCDC1D2C7341006DBB9D /* Resources */,
			);
			buildRules = (
			);
			dependencies = (
			);
			name = PitchPerfect;
			productName = PitchPerfect;
			productReference = A758BCDE1D2C7341006DBB9D /* PitchPerfect.app */;
			productType = "com.apple.product-type.application";
		};
		A758BCF11D2C7341006DBB9D /* PitchPerfectTests */ = {
			isa = PBXNativeTarget;
			buildConfigurationList = A758BD091D2C7341006DBB9D /* Build configuration list for PBXNativeTarget "PitchPerfectTests" */;
			buildPhases = (
				A758BCEE1D2C7341006DBB9D /* Sources */,
				A758BCEF1D2C7341006DBB9D /* Frameworks */,
				A758BCF01D2C7341006DBB9D /* Resources */,
			);
			buildRules = (
			);
			dependencies = (
				A758BCF41D2C7341006DBB9D /* PBXTargetDependency */,
			);
			name = PitchPerfectTests;
			productName = PitchPerfectTests;
			productReference = A758BCF21D2C7341006DBB9D /* PitchPerfectTests.xctest */;
			productType = "com.apple.product-type.bundle.unit-test";
		};
		A758BCFC1D2C7341006DBB9D /* PitchPerfectUITests */ = {
			isa = PBXNativeTarget;
			buildConfigurationList = A758BD0C1D2C7341006DBB9D /* Build configuration list for PBXNativeTarget "PitchPerfectUITests" */;
			buildPhases = (
				A758BCF91D2C7341006DBB9D /* Sources */,
				A758BCFA1D2C7341006DBB9D /* Frameworks */,
				A758BCFB1D2C7341006DBB9D /* Resources */,
			);
			buildRules = (
			);
			dependencies = (
				A758BCFF1D2C7341006DBB9D /* PBXTargetDependency */,
			);
			name = PitchPerfectUITests;
			productName = PitchPerfectUITests;
			productReference = A758BCFD1D2C7341006DBB9D /* PitchPerfectUITests.xctest */;
			productType = "com.apple.product-type.bundle.ui-testing";
		};
/* End PBXNativeTarget section */

/* Begin PBXProject section */
		A758BCD61D2C7341006DBB9D /* Project object */ = {
			isa = PBXProject;
			attributes = {
				LastSwiftUpdateCheck = 0730;
				LastUpgradeCheck = 0730;
				ORGANIZATIONNAME = "vagner cazarotto";
				TargetAttributes = {
					A758BCDD1D2C7341006DBB9D = {
						CreatedOnToolsVersion = 7.3.1;
					};
					A758BCF11D2C7341006DBB9D = {
						CreatedOnToolsVersion = 7.3.1;
						TestTargetID = A758BCDD1D2C7341006DBB9D;
					};
					A758BCFC1D2C7341006DBB9D = {
						CreatedOnToolsVersion = 7.3.1;
						TestTargetID = A758BCDD1D2C7341006DBB9D;
					};
				};
			};
			buildConfigurationList = A758BCD91D2C7341006DBB9D /* Build configuration list for PBXProject "PitchPerfect" */;
			compatibilityVersion = "Xcode 3.2";
			developmentRegion = English;
			hasScannedForEncodings = 0;
			knownRegions = (
				en,
				Base,
			);
			mainGroup = A758BCD51D2C7341006DBB9D;
			productRefGroup = A758BCDF1D2C7341006DBB9D /* Products */;
			projectDirPath = "";
			projectRoot = "";
			targets = (
				A758BCDD1D2C7341006DBB9D /* PitchPerfect */,
				A758BCF11D2C7341006DBB9D /* PitchPerfectTests */,
				A758BCFC1D2C7341006DBB9D /* PitchPerfectUITests */,
			);
		};
/* End PBXProject section */

/* Begin PBXResourcesBuildPhase section */
		A758BCDC1D2C7341006DBB9D /* Resources */ = {
			isa = PBXResourcesBuildPhase;
			buildActionMask = 2147483647;
			files = (
				A758BCEC1D2C7341006DBB9D /* LaunchScreen.storyboard in Resources */,
				A758BCE91D2C7341006DBB9D /* Assets.xcassets in Resources */,
				A758BCE71D2C7341006DBB9D /* Main.storyboard in Resources */,
			);
			runOnlyForDeploymentPostprocessing = 0;
		};
		A758BCF01D2C7341006DBB9D /* Resources */ = {
			isa = PBXResourcesBuildPhase;
			buildActionMask = 2147483647;
			files = (
			);
			runOnlyForDeploymentPostprocessing = 0;
		};
		A758BCFB1D2C7341006DBB9D /* Resources */ = {
			isa = PBXResourcesBuildPhase;
			buildActionMask = 2147483647;
			files = (
			);
			runOnlyForDeploymentPostprocessing = 0;
		};
/* End PBXResourcesBuildPhase section */

/* Begin PBXSourcesBuildPhase section */
		A758BCDA1D2C7341006DBB9D /* Sources */ = {
			isa = PBXSourcesBuildPhase;
			buildActionMask = 2147483647;
			files = (
				A758BCE41D2C7341006DBB9D /* ViewController.swift in Sources */,
				A758BCE21D2C7341006DBB9D /* AppDelegate.swift in Sources */,
			);
			runOnlyForDeploymentPostprocessing = 0;
		};
		A758BCEE1D2C7341006DBB9D /* Sources */ = {
			isa = PBXSourcesBuildPhase;
			buildActionMask = 2147483647;
			files = (
				A758BCF71D2C7341006DBB9D /* PitchPerfectTests.swift in Sources */,
			);
			runOnlyForDeploymentPostprocessing = 0;
		};
		A758BCF91D2C7341006DBB9D /* Sources */ = {
			isa = PBXSourcesBuildPhase;
			buildActionMask = 2147483647;
			files = (
				A758BD021D2C7341006DBB9D /* PitchPerfectUITests.swift in Sources */,
			);
			runOnlyForDeploymentPostprocessing = 0;
		};
/* End PBXSourcesBuildPhase section */

/* Begin PBXTargetDependency section */
		A758BCF41D2C7341006DBB9D /* PBXTargetDependency */ = {
			isa = PBXTargetDependency;
			target = A758BCDD1D2C7341006DBB9D /* PitchPerfect */;
			targetProxy = A758BCF31D2C7341006DBB9D /* PBXContainerItemProxy */;
		};
		A758BCFF1D2C7341006DBB9D /* PBXTargetDependency */ = {
			isa = PBXTargetDependency;
			target = A758BCDD1D2C7341006DBB9D /* PitchPerfect */;
			targetProxy = A758BCFE1D2C7341006DBB9D /* PBXContainerItemProxy */;
		};
/* End PBXTargetDependency section */

/* Begin PBXVariantGroup section */
		A758BCE51D2C7341006DBB9D /* Main.storyboard */ = {
			isa = PBXVariantGroup;
			children = (
				A758BCE61D2C7341006DBB9D /* Base */,
			);
			name = Main.storyboard;
			sourceTree = "<group>";
		};
		A758BCEA1D2C7341006DBB9D /* LaunchScreen.storyboard */ = {
			isa = PBXVariantGroup;
			children = (
				A758BCEB1D2C7341006DBB9D /* Base */,
			);
			name = LaunchScreen.storyboard;
			sourceTree = "<group>";
		};
/* End PBXVariantGroup section */

/* Begin XCBuildConfiguration section */
		A758BD041D2C7341006DBB9D /* Debug */ = {
			isa = XCBuildConfiguration;
			buildSettings = {
				ALWAYS_SEARCH_USER_PATHS = NO;
				CLANG_ANALYZER_NONNULL = YES;
				CLANG_CXX_LANGUAGE_STANDARD = "gnu++0x";
				CLANG_CXX_LIBRARY = "libc++";
				CLANG_ENABLE_MODULES = YES;
				CLANG_ENABLE_OBJC_ARC = YES;
				CLANG_WARN_BOOL_CONVERSION = YES;
				CLANG_WARN_CONSTANT_CONVERSION = YES;
				CLANG_WARN_DIRECT_OBJC_ISA_USAGE = YES_ERROR;
				CLANG_WARN_EMPTY_BODY = YES;
				CLANG_WARN_ENUM_CONVERSION = YES;
				CLANG_WARN_INT_CONVERSION = YES;
				CLANG_WARN_OBJC_ROOT_CLASS = YES_ERROR;
				CLANG_WARN_UNREACHABLE_CODE = YES;
				CLANG_WARN__DUPLICATE_METHOD_MATCH = YES;
				"CODE_SIGN_IDENTITY[sdk=iphoneos*]" = "iPhone Developer";
				COPY_PHASE_STRIP = NO;
				DEBUG_INFORMATION_FORMAT = dwarf;
				ENABLE_STRICT_OBJC_MSGSEND = YES;
				ENABLE_TESTABILITY = YES;
				GCC_C_LANGUAGE_STANDARD = gnu99;
				GCC_DYNAMIC_NO_PIC = NO;
				GCC_NO_COMMON_BLOCKS = YES;
				GCC_OPTIMIZATION_LEVEL = 0;
				GCC_PREPROCESSOR_DEFINITIONS = (
					"DEBUG=1",
					"$(inherited)",
				);
				GCC_WARN_64_TO_32_BIT_CONVERSION = YES;
				GCC_WARN_ABOUT_RETURN_TYPE = YES_ERROR;
				GCC_WARN_UNDECLARED_SELECTOR = YES;
				GCC_WARN_UNINITIALIZED_AUTOS = YES_AGGRESSIVE;
				GCC_WARN_UNUSED_FUNCTION = YES;
				GCC_WARN_UNUSED_VARIABLE = YES;
				IPHONEOS_DEPLOYMENT_TARGET = 9.3;
				MTL_ENABLE_DEBUG_INFO = YES;
				ONLY_ACTIVE_ARCH = YES;
				SDKROOT = iphoneos;
				SWIFT_OPTIMIZATION_LEVEL = "-Onone";
				TARGETED_DEVICE_FAMILY = "1,2";
			};
			name = Debug;
		};
		A758BD051D2C7341006DBB9D /* Release */ = {
			isa = XCBuildConfiguration;
			buildSettings = {
				ALWAYS_SEARCH_USER_PATHS = NO;
				CLANG_ANALYZER_NONNULL = YES;
				CLANG_CXX_LANGUAGE_STANDARD = "gnu++0x";
				CLANG_CXX_LIBRARY = "libc++";
				CLANG_ENABLE_MODULES = YES;
				CLANG_ENABLE_OBJC_ARC = YES;
				CLANG_WARN_BOOL_CONVERSION = YES;
				CLANG_WARN_CONSTANT_CONVERSION = YES;
				CLANG_WARN_DIRECT_OBJC_ISA_USAGE = YES_ERROR;
				CLANG_WARN_EMPTY_BODY = YES;
				CLANG_WARN_ENUM_CONVERSION = YES;
				CLANG_WARN_INT_CONVERSION = YES;
				CLANG_WARN_OBJC_ROOT_CLASS = YES_ERROR;
				CLANG_WARN_UNREACHABLE_CODE = YES;
				CLANG_WARN__DUPLICATE_METHOD_MATCH = YES;
				"CODE_SIGN_IDENTITY[sdk=iphoneos*]" = "iPhone Developer";
				COPY_PHASE_STRIP = NO;
				DEBUG_INFORMATION_FORMAT = "dwarf-with-dsym";
				ENABLE_NS_ASSERTIONS = NO;
				ENABLE_STRICT_OBJC_MSGSEND = YES;
				GCC_C_LANGUAGE_STANDARD = gnu99;
				GCC_NO_COMMON_BLOCKS = YES;
				GCC_WARN_64_TO_32_BIT_CONVERSION = YES;
				GCC_WARN_ABOUT_RETURN_TYPE = YES_ERROR;
				GCC_WARN_UNDECLARED_SELECTOR = YES;
				GCC_WARN_UNINITIALIZED_AUTOS = YES_AGGRESSIVE;
				GCC_WARN_UNUSED_FUNCTION = YES;
				GCC_WARN_UNUSED_VARIABLE = YES;
				IPHONEOS_DEPLOYMENT_TARGET = 9.3;
				MTL_ENABLE_DEBUG_INFO = NO;
				SDKROOT = iphoneos;
				TARGETED_DEVICE_FAMILY = "1,2";
				VALIDATE_PRODUCT = YES;
			};
			name = Release;
		};
		A758BD071D2C7341006DBB9D /* Debug */ = {
			isa = XCBuildConfiguration;
			buildSettings = {
				ASSETCATALOG_COMPILER_APPICON_NAME = AppIcon;
				INFOPLIST_FILE = PitchPerfect/Info.plist;
				LD_RUNPATH_SEARCH_PATHS = "$(inherited) @executable_path/Frameworks";
				PRODUCT_BUNDLE_IDENTIFIER = Tkcode.com.PitchPerfect;
				PRODUCT_NAME = "$(TARGET_NAME)";
			};
			name = Debug;
		};
		A758BD081D2C7341006DBB9D /* Release */ = {
			isa = XCBuildConfiguration;
			buildSettings = {
				ASSETCATALOG_COMPILER_APPICON_NAME = AppIcon;
				INFOPLIST_FILE = PitchPerfect/Info.plist;
				LD_RUNPATH_SEARCH_PATHS = "$(inherited) @executable_path/Frameworks";
				PRODUCT_BUNDLE_IDENTIFIER = Tkcode.com.PitchPerfect;
				PRODUCT_NAME = "$(TARGET_NAME)";
			};
			name = Release;
		};
		A758BD0A1D2C7341006DBB9D /* Debug */ = {
			isa = XCBuildConfiguration;
			buildSettings = {
				BUNDLE_LOADER = "$(TEST_HOST)";
				INFOPLIST_FILE = PitchPerfectTests/Info.plist;
				LD_RUNPATH_SEARCH_PATHS = "$(inherited) @executable_path/Frameworks @loader_path/Frameworks";
				PRODUCT_BUNDLE_IDENTIFIER = Tkcode.com.PitchPerfectTests;
				PRODUCT_NAME = "$(TARGET_NAME)";
				TEST_HOST = "$(BUILT_PRODUCTS_DIR)/PitchPerfect.app/PitchPerfect";
			};
			name = Debug;
		};
		A758BD0B1D2C7341006DBB9D /* Release */ = {
			isa = XCBuildConfiguration;
			buildSettings = {
				BUNDLE_LOADER = "$(TEST_HOST)";
				INFOPLIST_FILE = PitchPerfectTests/Info.plist;
				LD_RUNPATH_SEARCH_PATHS = "$(inherited) @executable_path/Frameworks @loader_path/Frameworks";
				PRODUCT_BUNDLE_IDENTIFIER = Tkcode.com.PitchPerfectTests;
				PRODUCT_NAME = "$(TARGET_NAME)";
				TEST_HOST = "$(BUILT_PRODUCTS_DIR)/PitchPerfect.app/PitchPerfect";
			};
			name = Release;
		};
		A758BD0D1D2C7341006DBB9D /* Debug */ = {
			isa = XCBuildConfiguration;
			buildSettings = {
				INFOPLIST_FILE = PitchPerfectUITests/Info.plist;
				LD_RUNPATH_SEARCH_PATHS = "$(inherited) @executable_path/Frameworks @loader_path/Frameworks";
				PRODUCT_BUNDLE_IDENTIFIER = Tkcode.com.PitchPerfectUITests;
				PRODUCT_NAME = "$(TARGET_NAME)";
				TEST_TARGET_NAME = PitchPerfect;
			};
			name = Debug;
		};
		A758BD0E1D2C7341006DBB9D /* Release */ = {
			isa = XCBuildConfiguration;
			buildSettings = {
				INFOPLIST_FILE = PitchPerfectUITests/Info.plist;
				LD_RUNPATH_SEARCH_PATHS = "$(inherited) @executable_path/Frameworks @loader_path/Frameworks";
				PRODUCT_BUNDLE_IDENTIFIER = Tkcode.com.PitchPerfectUITests;
				PRODUCT_NAME = "$(TARGET_NAME)";
				TEST_TARGET_NAME = PitchPerfect;
			};
			name = Release;
		};
/* End XCBuildConfiguration section */

/* Begin XCConfigurationList section */
		A758BCD91D2C7341006DBB9D /* Build configuration list for PBXProject "PitchPerfect" */ = {
			isa = XCConfigurationList;
			buildConfigurations = (
				A758BD041D2C7341006DBB9D /* Debug */,
				A758BD051D2C7341006DBB9D /* Release */,
			);
			defaultConfigurationIsVisible = 0;
			defaultConfigurationName = Release;
		};
		A758BD061D2C7341006DBB9D /* Build configuration list for PBXNativeTarget "PitchPerfect" */ = {
			isa = XCConfigurationList;
			buildConfigurations = (
				A758BD071D2C7341006DBB9D /* Debug */,
				A758BD081D2C7341006DBB9D /* Release */,
			);
			defaultConfigurationIsVisible = 0;
		};
		A758BD091D2C7341006DBB9D /* Build configuration list for PBXNativeTarget "PitchPerfectTests" */ = {
			isa = XCConfigurationList;
			buildConfigurations = (
				A758BD0A1D2C7341006DBB9D /* Debug */,
				A758BD0B1D2C7341006DBB9D /* Release */,
			);
			defaultConfigurationIsVisible = 0;
		};
		A758BD0C1D2C7341006DBB9D /* Build configuration list for PBXNativeTarget "PitchPerfectUITests" */ = {
			isa = XCConfigurationList;
			buildConfigurations = (
				A758BD0D1D2C7341006DBB9D /* Debug */,
				A758BD0E1D2C7341006DBB9D /* Release */,
			);
			defaultConfigurationIsVisible = 0;
		};
/* End XCConfigurationList section */
	};
	rootObject = A758BCD61D2C7341006DBB9D /* Project object */;
}
